// !$*UTF8*$!
{
	archiveVersion = 1;
	classes = {
	};
	objectVersion = 56;
	objects = {

/* Begin PBXBuildFile section */
		ED12BA5A2C68AD27009635DE /* SettingsDataSection.swift in Sources */ = {isa = PBXBuildFile; fileRef = ED12BA592C68AD27009635DE /* SettingsDataSection.swift */; };
		ED12BA5C2C68AE9F009635DE /* SettingsData.swift in Sources */ = {isa = PBXBuildFile; fileRef = ED12BA5B2C68AE9F009635DE /* SettingsData.swift */; };
		ED12BA5F2C68B9EF009635DE /* SettingsCell.swift in Sources */ = {isa = PBXBuildFile; fileRef = ED12BA5E2C68B9EF009635DE /* SettingsCell.swift */; };
		ED12BA612C68C668009635DE /* SettingsView.swift in Sources */ = {isa = PBXBuildFile; fileRef = ED12BA602C68C668009635DE /* SettingsView.swift */; };
		ED2FCD492C6D43630042B905 /* UINavigationItem.swift in Sources */ = {isa = PBXBuildFile; fileRef = ED2FCD482C6D43630042B905 /* UINavigationItem.swift */; };
		ED4CFC002C736CF9004556E1 /* ObjectDetector.mlmodel in Sources */ = {isa = PBXBuildFile; fileRef = ED4CFBFF2C736CF9004556E1 /* ObjectDetector.mlmodel */; };
		ED50BF3B2C6A6B7800EB2FFA /* AboutCell.swift in Sources */ = {isa = PBXBuildFile; fileRef = ED50BF3A2C6A6B7800EB2FFA /* AboutCell.swift */; };
		ED50BF3D2C6A6BEC00EB2FFA /* AboutData.swift in Sources */ = {isa = PBXBuildFile; fileRef = ED50BF3C2C6A6BEC00EB2FFA /* AboutData.swift */; };
		ED50BF3F2C6A6C1300EB2FFA /* AboutDataSection.swift in Sources */ = {isa = PBXBuildFile; fileRef = ED50BF3E2C6A6C1300EB2FFA /* AboutDataSection.swift */; };
		ED50BF412C6A6D6700EB2FFA /* AboutView.swift in Sources */ = {isa = PBXBuildFile; fileRef = ED50BF402C6A6D6700EB2FFA /* AboutView.swift */; };
		ED50BF442C6A707400EB2FFA /* DetectionViewController.swift in Sources */ = {isa = PBXBuildFile; fileRef = ED50BF432C6A707400EB2FFA /* DetectionViewController.swift */; };
		ED50BF462C6A742600EB2FFA /* DetectionView.swift in Sources */ = {isa = PBXBuildFile; fileRef = ED50BF452C6A742600EB2FFA /* DetectionView.swift */; };
		ED56A7FE2A489A8300F14173 /* UIViewController.swift in Sources */ = {isa = PBXBuildFile; fileRef = ED56A7FD2A489A8300F14173 /* UIViewController.swift */; };
		ED56A8022A489B4900F14173 /* Array.swift in Sources */ = {isa = PBXBuildFile; fileRef = ED56A8012A489B4900F14173 /* Array.swift */; };
		ED9616C92C69351400017628 /* InfoView.swift in Sources */ = {isa = PBXBuildFile; fileRef = ED9616C82C69351400017628 /* InfoView.swift */; };
		ED9616CB2C693A8200017628 /* InfoSignsData.swift in Sources */ = {isa = PBXBuildFile; fileRef = ED9616CA2C693A8200017628 /* InfoSignsData.swift */; };
		ED9616CD2C693AD300017628 /* InfoCell.swift in Sources */ = {isa = PBXBuildFile; fileRef = ED9616CC2C693AD300017628 /* InfoCell.swift */; };
		ED9616CF2C693C8B00017628 /* InfoData.swift in Sources */ = {isa = PBXBuildFile; fileRef = ED9616CE2C693C8B00017628 /* InfoData.swift */; };
		EDACB8C52C749AB600A8FDB7 /* NSLayoutConstraint.swift in Sources */ = {isa = PBXBuildFile; fileRef = EDACB8C42C749AB600A8FDB7 /* NSLayoutConstraint.swift */; };
		EDBD0B442C68A0D50011E2D2 /* Reusable.swift in Sources */ = {isa = PBXBuildFile; fileRef = EDBD0B432C68A0D50011E2D2 /* Reusable.swift */; };
		EDBD0B462C68A0F40011E2D2 /* TableViewCell.swift in Sources */ = {isa = PBXBuildFile; fileRef = EDBD0B452C68A0F40011E2D2 /* TableViewCell.swift */; };
		EDBD0B482C68A1290011E2D2 /* UITableView+deque.swift in Sources */ = {isa = PBXBuildFile; fileRef = EDBD0B472C68A1290011E2D2 /* UITableView+deque.swift */; };
		EDDFA93F2AA60F2400D332FE /* SettingsViewController.swift in Sources */ = {isa = PBXBuildFile; fileRef = EDDFA93E2AA60F2400D332FE /* SettingsViewController.swift */; };
		EDF0D4322A3F2FD200B2F98E /* AppDelegate.swift in Sources */ = {isa = PBXBuildFile; fileRef = EDF0D4312A3F2FD200B2F98E /* AppDelegate.swift */; };
		EDF0D43B2A3F2FD300B2F98E /* Assets.xcassets in Resources */ = {isa = PBXBuildFile; fileRef = EDF0D43A2A3F2FD300B2F98E /* Assets.xcassets */; };
		EDF0D4472A3F33A600B2F98E /* InfoViewController.swift in Sources */ = {isa = PBXBuildFile; fileRef = EDF0D4462A3F33A600B2F98E /* InfoViewController.swift */; };
		EDF0D44A2A3F3BAD00B2F98E /* InfoSignCell.swift in Sources */ = {isa = PBXBuildFile; fileRef = EDF0D4492A3F3BAD00B2F98E /* InfoSignCell.swift */; };
		EDF0D44D2A3F51CA00B2F98E /* InfoSignData.swift in Sources */ = {isa = PBXBuildFile; fileRef = EDF0D44C2A3F51CA00B2F98E /* InfoSignData.swift */; };
		EDF0D44F2A3F797D00B2F98E /* AboutViewController.swift in Sources */ = {isa = PBXBuildFile; fileRef = EDF0D44E2A3F797D00B2F98E /* AboutViewController.swift */; };
		EDF3D8282A40881700507283 /* Draw.swift in Sources */ = {isa = PBXBuildFile; fileRef = EDF3D8272A40881700507283 /* Draw.swift */; };
/* End PBXBuildFile section */

/* Begin PBXFileReference section */
		ED12BA592C68AD27009635DE /* SettingsDataSection.swift */ = {isa = PBXFileReference; lastKnownFileType = sourcecode.swift; path = SettingsDataSection.swift; sourceTree = "<group>"; };
		ED12BA5B2C68AE9F009635DE /* SettingsData.swift */ = {isa = PBXFileReference; lastKnownFileType = sourcecode.swift; path = SettingsData.swift; sourceTree = "<group>"; };
		ED12BA5E2C68B9EF009635DE /* SettingsCell.swift */ = {isa = PBXFileReference; lastKnownFileType = sourcecode.swift; path = SettingsCell.swift; sourceTree = "<group>"; };
		ED12BA602C68C668009635DE /* SettingsView.swift */ = {isa = PBXFileReference; lastKnownFileType = sourcecode.swift; path = SettingsView.swift; sourceTree = "<group>"; };
		ED2FCD482C6D43630042B905 /* UINavigationItem.swift */ = {isa = PBXFileReference; lastKnownFileType = sourcecode.swift; path = UINavigationItem.swift; sourceTree = "<group>"; };
		ED4CFBFF2C736CF9004556E1 /* ObjectDetector.mlmodel */ = {isa = PBXFileReference; lastKnownFileType = file.mlmodel; path = ObjectDetector.mlmodel; sourceTree = "<group>"; };
		ED50BF3A2C6A6B7800EB2FFA /* AboutCell.swift */ = {isa = PBXFileReference; lastKnownFileType = sourcecode.swift; path = AboutCell.swift; sourceTree = "<group>"; };
		ED50BF3C2C6A6BEC00EB2FFA /* AboutData.swift */ = {isa = PBXFileReference; lastKnownFileType = sourcecode.swift; path = AboutData.swift; sourceTree = "<group>"; };
		ED50BF3E2C6A6C1300EB2FFA /* AboutDataSection.swift */ = {isa = PBXFileReference; lastKnownFileType = sourcecode.swift; path = AboutDataSection.swift; sourceTree = "<group>"; };
		ED50BF402C6A6D6700EB2FFA /* AboutView.swift */ = {isa = PBXFileReference; lastKnownFileType = sourcecode.swift; path = AboutView.swift; sourceTree = "<group>"; };
		ED50BF432C6A707400EB2FFA /* DetectionViewController.swift */ = {isa = PBXFileReference; lastKnownFileType = sourcecode.swift; path = DetectionViewController.swift; sourceTree = "<group>"; };
		ED50BF452C6A742600EB2FFA /* DetectionView.swift */ = {isa = PBXFileReference; lastKnownFileType = sourcecode.swift; path = DetectionView.swift; sourceTree = "<group>"; };
		ED56A7FD2A489A8300F14173 /* UIViewController.swift */ = {isa = PBXFileReference; lastKnownFileType = sourcecode.swift; path = UIViewController.swift; sourceTree = "<group>"; };
		ED56A8012A489B4900F14173 /* Array.swift */ = {isa = PBXFileReference; lastKnownFileType = sourcecode.swift; path = Array.swift; sourceTree = "<group>"; };
		ED9616C82C69351400017628 /* InfoView.swift */ = {isa = PBXFileReference; lastKnownFileType = sourcecode.swift; path = InfoView.swift; sourceTree = "<group>"; };
		ED9616CA2C693A8200017628 /* InfoSignsData.swift */ = {isa = PBXFileReference; lastKnownFileType = sourcecode.swift; path = InfoSignsData.swift; sourceTree = "<group>"; };
		ED9616CC2C693AD300017628 /* InfoCell.swift */ = {isa = PBXFileReference; lastKnownFileType = sourcecode.swift; path = InfoCell.swift; sourceTree = "<group>"; };
		ED9616CE2C693C8B00017628 /* InfoData.swift */ = {isa = PBXFileReference; lastKnownFileType = sourcecode.swift; path = InfoData.swift; sourceTree = "<group>"; };
		EDACB8C42C749AB600A8FDB7 /* NSLayoutConstraint.swift */ = {isa = PBXFileReference; lastKnownFileType = sourcecode.swift; path = NSLayoutConstraint.swift; sourceTree = "<group>"; };
		EDBD0B432C68A0D50011E2D2 /* Reusable.swift */ = {isa = PBXFileReference; lastKnownFileType = sourcecode.swift; path = Reusable.swift; sourceTree = "<group>"; };
		EDBD0B452C68A0F40011E2D2 /* TableViewCell.swift */ = {isa = PBXFileReference; lastKnownFileType = sourcecode.swift; path = TableViewCell.swift; sourceTree = "<group>"; };
		EDBD0B472C68A1290011E2D2 /* UITableView+deque.swift */ = {isa = PBXFileReference; lastKnownFileType = sourcecode.swift; path = "UITableView+deque.swift"; sourceTree = "<group>"; };
		EDDFA93E2AA60F2400D332FE /* SettingsViewController.swift */ = {isa = PBXFileReference; lastKnownFileType = sourcecode.swift; path = SettingsViewController.swift; sourceTree = "<group>"; };
		EDF0D42E2A3F2FD200B2F98E /* Detection.app */ = {isa = PBXFileReference; explicitFileType = wrapper.application; includeInIndex = 0; path = Detection.app; sourceTree = BUILT_PRODUCTS_DIR; };
		EDF0D4312A3F2FD200B2F98E /* AppDelegate.swift */ = {isa = PBXFileReference; lastKnownFileType = sourcecode.swift; path = AppDelegate.swift; sourceTree = "<group>"; };
		EDF0D43A2A3F2FD300B2F98E /* Assets.xcassets */ = {isa = PBXFileReference; lastKnownFileType = folder.assetcatalog; path = Assets.xcassets; sourceTree = "<group>"; };
		EDF0D43F2A3F2FD300B2F98E /* Info.plist */ = {isa = PBXFileReference; lastKnownFileType = text.plist.xml; path = Info.plist; sourceTree = "<group>"; };
		EDF0D4462A3F33A600B2F98E /* InfoViewController.swift */ = {isa = PBXFileReference; lastKnownFileType = sourcecode.swift; path = InfoViewController.swift; sourceTree = "<group>"; };
		EDF0D4492A3F3BAD00B2F98E /* InfoSignCell.swift */ = {isa = PBXFileReference; lastKnownFileType = sourcecode.swift; path = InfoSignCell.swift; sourceTree = "<group>"; };
		EDF0D44C2A3F51CA00B2F98E /* InfoSignData.swift */ = {isa = PBXFileReference; lastKnownFileType = sourcecode.swift; path = InfoSignData.swift; sourceTree = "<group>"; };
		EDF0D44E2A3F797D00B2F98E /* AboutViewController.swift */ = {isa = PBXFileReference; lastKnownFileType = sourcecode.swift; path = AboutViewController.swift; sourceTree = "<group>"; };
		EDF3D8272A40881700507283 /* Draw.swift */ = {isa = PBXFileReference; lastKnownFileType = sourcecode.swift; path = Draw.swift; sourceTree = "<group>"; };
/* End PBXFileReference section */

/* Begin PBXFrameworksBuildPhase section */
		EDF0D42B2A3F2FD200B2F98E /* Frameworks */ = {
			isa = PBXFrameworksBuildPhase;
			buildActionMask = 2147483647;
			files = (
			);
			runOnlyForDeploymentPostprocessing = 0;
		};
/* End PBXFrameworksBuildPhase section */

/* Begin PBXGroup section */
		ED12BA572C68A58E009635DE /* Models */ = {
			isa = PBXGroup;
			children = (
				ED50BF3C2C6A6BEC00EB2FFA /* AboutData.swift */,
				ED50BF3E2C6A6C1300EB2FFA /* AboutDataSection.swift */,
			);
			path = Models;
			sourceTree = "<group>";
		};
		ED12BA582C68A5B0009635DE /* Models */ = {
			isa = PBXGroup;
			children = (
				ED12BA592C68AD27009635DE /* SettingsDataSection.swift */,
				ED12BA5B2C68AE9F009635DE /* SettingsData.swift */,
			);
			path = Models;
			sourceTree = "<group>";
		};
		ED12BA5D2C68B9D8009635DE /* Cells */ = {
			isa = PBXGroup;
			children = (
				ED12BA5E2C68B9EF009635DE /* SettingsCell.swift */,
			);
			path = Cells;
			sourceTree = "<group>";
		};
		ED4CFBFE2C736CD6004556E1 /* MLModel */ = {
			isa = PBXGroup;
			children = (
				ED4CFBFF2C736CF9004556E1 /* ObjectDetector.mlmodel */,
			);
			path = MLModel;
			sourceTree = "<group>";
		};
		ED50BF392C6A6B5200EB2FFA /* Cells */ = {
			isa = PBXGroup;
			children = (
				ED50BF3A2C6A6B7800EB2FFA /* AboutCell.swift */,
			);
			path = Cells;
			sourceTree = "<group>";
		};
		ED50BF422C6A706200EB2FFA /* Detection */ = {
			isa = PBXGroup;
			children = (
				ED50BF432C6A707400EB2FFA /* DetectionViewController.swift */,
				ED50BF452C6A742600EB2FFA /* DetectionView.swift */,
				ED4CFBFE2C736CD6004556E1 /* MLModel */,
			);
			path = Detection;
			sourceTree = "<group>";
		};
		ED56A7FA2A489A2F00F14173 /* Info */ = {
			isa = PBXGroup;
			children = (
				EDF0D4462A3F33A600B2F98E /* InfoViewController.swift */,
				ED9616C82C69351400017628 /* InfoView.swift */,
				EDBD0B4A2C68A32C0011E2D2 /* Cells */,
				EDBD0B4B2C68A3A70011E2D2 /* Models */,
			);
			path = Info;
			sourceTree = "<group>";
		};
		ED56A7FB2A489A4600F14173 /* About */ = {
			isa = PBXGroup;
			children = (
				EDF0D44E2A3F797D00B2F98E /* AboutViewController.swift */,
				ED50BF402C6A6D6700EB2FFA /* AboutView.swift */,
				ED12BA572C68A58E009635DE /* Models */,
				ED50BF392C6A6B5200EB2FFA /* Cells */,
			);
			path = About;
			sourceTree = "<group>";
		};
		EDBD0B3F2C689E170011E2D2 /* Application Layer */ = {
			isa = PBXGroup;
			children = (
				EDF0D4312A3F2FD200B2F98E /* AppDelegate.swift */,
				EDF0D43A2A3F2FD300B2F98E /* Assets.xcassets */,
				EDF0D43F2A3F2FD300B2F98E /* Info.plist */,
			);
			path = "Application Layer";
			sourceTree = "<group>";
		};
		EDBD0B402C68A0880011E2D2 /* Presentation Layer */ = {
			isa = PBXGroup;
			children = (
				EDBD0B422C68A0A90011E2D2 /* Components */,
				EDBD0B412C68A09C0011E2D2 /* User Stories */,
			);
			path = "Presentation Layer";
			sourceTree = "<group>";
		};
		EDBD0B412C68A09C0011E2D2 /* User Stories */ = {
			isa = PBXGroup;
			children = (
				ED50BF422C6A706200EB2FFA /* Detection */,
				EDDFA93D2AA60F1100D332FE /* Settings */,
				ED56A7FB2A489A4600F14173 /* About */,
				ED56A7FA2A489A2F00F14173 /* Info */,
			);
			path = "User Stories";
			sourceTree = "<group>";
		};
		EDBD0B422C68A0A90011E2D2 /* Components */ = {
			isa = PBXGroup;
			children = (
				EDBD0B432C68A0D50011E2D2 /* Reusable.swift */,
				EDBD0B452C68A0F40011E2D2 /* TableViewCell.swift */,
				EDBD0B472C68A1290011E2D2 /* UITableView+deque.swift */,
			);
			path = Components;
			sourceTree = "<group>";
		};
		EDBD0B4A2C68A32C0011E2D2 /* Cells */ = {
			isa = PBXGroup;
			children = (
				EDF0D4492A3F3BAD00B2F98E /* InfoSignCell.swift */,
				ED9616CC2C693AD300017628 /* InfoCell.swift */,
			);
			path = Cells;
			sourceTree = "<group>";
		};
		EDBD0B4B2C68A3A70011E2D2 /* Models */ = {
			isa = PBXGroup;
			children = (
				EDF0D44C2A3F51CA00B2F98E /* InfoSignData.swift */,
				ED9616CA2C693A8200017628 /* InfoSignsData.swift */,
				ED9616CE2C693C8B00017628 /* InfoData.swift */,
			);
			path = Models;
			sourceTree = "<group>";
		};
		EDDFA93D2AA60F1100D332FE /* Settings */ = {
			isa = PBXGroup;
			children = (
				EDDFA93E2AA60F2400D332FE /* SettingsViewController.swift */,
				ED12BA602C68C668009635DE /* SettingsView.swift */,
				ED12BA582C68A5B0009635DE /* Models */,
				ED12BA5D2C68B9D8009635DE /* Cells */,
			);
			path = Settings;
			sourceTree = "<group>";
		};
		EDF0D4252A3F2FD200B2F98E = {
			isa = PBXGroup;
			children = (
				EDF0D4302A3F2FD200B2F98E /* Detection */,
				EDF0D42F2A3F2FD200B2F98E /* Products */,
			);
			sourceTree = "<group>";
		};
		EDF0D42F2A3F2FD200B2F98E /* Products */ = {
			isa = PBXGroup;
			children = (
				EDF0D42E2A3F2FD200B2F98E /* Detection.app */,
			);
			name = Products;
			sourceTree = "<group>";
		};
		EDF0D4302A3F2FD200B2F98E /* Detection */ = {
			isa = PBXGroup;
			children = (
				EDBD0B3F2C689E170011E2D2 /* Application Layer */,
				EDBD0B402C68A0880011E2D2 /* Presentation Layer */,
				EDF3D8182A4084C600507283 /* Extensions */,
			);
			path = Detection;
			sourceTree = "<group>";
		};
		EDF3D8182A4084C600507283 /* Extensions */ = {
			isa = PBXGroup;
			children = (
				ED56A8012A489B4900F14173 /* Array.swift */,
				EDF3D8272A40881700507283 /* Draw.swift */,
				ED56A7FD2A489A8300F14173 /* UIViewController.swift */,
				ED2FCD482C6D43630042B905 /* UINavigationItem.swift */,
				EDACB8C42C749AB600A8FDB7 /* NSLayoutConstraint.swift */,
			);
			path = Extensions;
			sourceTree = "<group>";
		};
/* End PBXGroup section */

/* Begin PBXNativeTarget section */
		EDF0D42D2A3F2FD200B2F98E /* Detection */ = {
			isa = PBXNativeTarget;
			buildConfigurationList = EDF0D4422A3F2FD300B2F98E /* Build configuration list for PBXNativeTarget "Detection" */;
			buildPhases = (
				EDF0D42A2A3F2FD200B2F98E /* Sources */,
				EDF0D42B2A3F2FD200B2F98E /* Frameworks */,
				EDF0D42C2A3F2FD200B2F98E /* Resources */,
			);
			buildRules = (
			);
			dependencies = (
			);
			name = Detection;
			productName = RoadSignDetection;
			productReference = EDF0D42E2A3F2FD200B2F98E /* Detection.app */;
			productType = "com.apple.product-type.application";
		};
/* End PBXNativeTarget section */

/* Begin PBXProject section */
		EDF0D4262A3F2FD200B2F98E /* Project object */ = {
			isa = PBXProject;
			attributes = {
				BuildIndependentTargetsInParallel = 1;
				LastSwiftUpdateCheck = 1430;
				LastUpgradeCheck = 1540;
				TargetAttributes = {
					EDF0D42D2A3F2FD200B2F98E = {
						CreatedOnToolsVersion = 14.3.1;
					};
				};
			};
			buildConfigurationList = EDF0D4292A3F2FD200B2F98E /* Build configuration list for PBXProject "Detection" */;
			compatibilityVersion = "Xcode 14.0";
			developmentRegion = en;
			hasScannedForEncodings = 0;
			knownRegions = (
				en,
				Base,
			);
			mainGroup = EDF0D4252A3F2FD200B2F98E;
			productRefGroup = EDF0D42F2A3F2FD200B2F98E /* Products */;
			projectDirPath = "";
			projectRoot = "";
			targets = (
				EDF0D42D2A3F2FD200B2F98E /* Detection */,
			);
		};
/* End PBXProject section */

/* Begin PBXResourcesBuildPhase section */
		EDF0D42C2A3F2FD200B2F98E /* Resources */ = {
			isa = PBXResourcesBuildPhase;
			buildActionMask = 2147483647;
			files = (
				EDF0D43B2A3F2FD300B2F98E /* Assets.xcassets in Resources */,
			);
			runOnlyForDeploymentPostprocessing = 0;
		};
/* End PBXResourcesBuildPhase section */

/* Begin PBXSourcesBuildPhase section */
		EDF0D42A2A3F2FD200B2F98E /* Sources */ = {
			isa = PBXSourcesBuildPhase;
			buildActionMask = 2147483647;
			files = (
				EDF0D44F2A3F797D00B2F98E /* AboutViewController.swift in Sources */,
				EDF3D8282A40881700507283 /* Draw.swift in Sources */,
				EDBD0B462C68A0F40011E2D2 /* TableViewCell.swift in Sources */,
				ED9616CF2C693C8B00017628 /* InfoData.swift in Sources */,
				ED56A7FE2A489A8300F14173 /* UIViewController.swift in Sources */,
				EDF0D4472A3F33A600B2F98E /* InfoViewController.swift in Sources */,
				ED50BF442C6A707400EB2FFA /* DetectionViewController.swift in Sources */,
				EDACB8C52C749AB600A8FDB7 /* NSLayoutConstraint.swift in Sources */,
				EDF0D44A2A3F3BAD00B2F98E /* InfoSignCell.swift in Sources */,
				EDBD0B442C68A0D50011E2D2 /* Reusable.swift in Sources */,
				EDF0D44D2A3F51CA00B2F98E /* InfoSignData.swift in Sources */,
				ED9616C92C69351400017628 /* InfoView.swift in Sources */,
				ED2FCD492C6D43630042B905 /* UINavigationItem.swift in Sources */,
				ED56A8022A489B4900F14173 /* Array.swift in Sources */,
				EDF0D4322A3F2FD200B2F98E /* AppDelegate.swift in Sources */,
				ED12BA5C2C68AE9F009635DE /* SettingsData.swift in Sources */,
				ED50BF462C6A742600EB2FFA /* DetectionView.swift in Sources */,
				EDBD0B482C68A1290011E2D2 /* UITableView+deque.swift in Sources */,
				ED50BF3D2C6A6BEC00EB2FFA /* AboutData.swift in Sources */,
				ED4CFC002C736CF9004556E1 /* ObjectDetector.mlmodel in Sources */,
				ED9616CB2C693A8200017628 /* InfoSignsData.swift in Sources */,
				EDDFA93F2AA60F2400D332FE /* SettingsViewController.swift in Sources */,
				ED12BA5A2C68AD27009635DE /* SettingsDataSection.swift in Sources */,
				ED50BF412C6A6D6700EB2FFA /* AboutView.swift in Sources */,
				ED50BF3B2C6A6B7800EB2FFA /* AboutCell.swift in Sources */,
				ED12BA612C68C668009635DE /* SettingsView.swift in Sources */,
				ED9616CD2C693AD300017628 /* InfoCell.swift in Sources */,
				ED12BA5F2C68B9EF009635DE /* SettingsCell.swift in Sources */,
				ED50BF3F2C6A6C1300EB2FFA /* AboutDataSection.swift in Sources */,
			);
			runOnlyForDeploymentPostprocessing = 0;
		};
/* End PBXSourcesBuildPhase section */

/* Begin XCBuildConfiguration section */
		EDF0D4402A3F2FD300B2F98E /* Debug */ = {
			isa = XCBuildConfiguration;
			buildSettings = {
				ALWAYS_SEARCH_USER_PATHS = NO;
				CLANG_ANALYZER_NONNULL = YES;
				CLANG_ANALYZER_NUMBER_OBJECT_CONVERSION = YES_AGGRESSIVE;
				CLANG_CXX_LANGUAGE_STANDARD = "gnu++20";
				CLANG_ENABLE_MODULES = YES;
				CLANG_ENABLE_OBJC_ARC = YES;
				CLANG_ENABLE_OBJC_WEAK = YES;
				CLANG_WARN_BLOCK_CAPTURE_AUTORELEASING = YES;
				CLANG_WARN_BOOL_CONVERSION = YES;
				CLANG_WARN_COMMA = YES;
				CLANG_WARN_CONSTANT_CONVERSION = YES;
				CLANG_WARN_DEPRECATED_OBJC_IMPLEMENTATIONS = YES;
				CLANG_WARN_DIRECT_OBJC_ISA_USAGE = YES_ERROR;
				CLANG_WARN_DOCUMENTATION_COMMENTS = YES;
				CLANG_WARN_EMPTY_BODY = YES;
				CLANG_WARN_ENUM_CONVERSION = YES;
				CLANG_WARN_INFINITE_RECURSION = YES;
				CLANG_WARN_INT_CONVERSION = YES;
				CLANG_WARN_NON_LITERAL_NULL_CONVERSION = YES;
				CLANG_WARN_OBJC_IMPLICIT_RETAIN_SELF = YES;
				CLANG_WARN_OBJC_LITERAL_CONVERSION = YES;
				CLANG_WARN_OBJC_ROOT_CLASS = YES_ERROR;
				CLANG_WARN_QUOTED_INCLUDE_IN_FRAMEWORK_HEADER = YES;
				CLANG_WARN_RANGE_LOOP_ANALYSIS = YES;
				CLANG_WARN_STRICT_PROTOTYPES = YES;
				CLANG_WARN_SUSPICIOUS_MOVE = YES;
				CLANG_WARN_UNGUARDED_AVAILABILITY = YES_AGGRESSIVE;
				CLANG_WARN_UNREACHABLE_CODE = YES;
				CLANG_WARN__DUPLICATE_METHOD_MATCH = YES;
				COPY_PHASE_STRIP = NO;
				DEBUG_INFORMATION_FORMAT = dwarf;
				ENABLE_STRICT_OBJC_MSGSEND = YES;
				ENABLE_TESTABILITY = YES;
				ENABLE_USER_SCRIPT_SANDBOXING = YES;
				GCC_C_LANGUAGE_STANDARD = gnu11;
				GCC_DYNAMIC_NO_PIC = NO;
				GCC_NO_COMMON_BLOCKS = YES;
				GCC_OPTIMIZATION_LEVEL = 0;
				GCC_PREPROCESSOR_DEFINITIONS = (
					"DEBUG=1",
					"$(inherited)",
				);
				GCC_WARN_64_TO_32_BIT_CONVERSION = YES;
				GCC_WARN_ABOUT_RETURN_TYPE = YES_ERROR;
				GCC_WARN_UNDECLARED_SELECTOR = YES;
				GCC_WARN_UNINITIALIZED_AUTOS = YES_AGGRESSIVE;
				GCC_WARN_UNUSED_FUNCTION = YES;
				GCC_WARN_UNUSED_VARIABLE = YES;
				IPHONEOS_DEPLOYMENT_TARGET = 16.4;
				MTL_ENABLE_DEBUG_INFO = INCLUDE_SOURCE;
				MTL_FAST_MATH = YES;
				ONLY_ACTIVE_ARCH = YES;
				SDKROOT = iphoneos;
				SWIFT_ACTIVE_COMPILATION_CONDITIONS = DEBUG;
				SWIFT_OPTIMIZATION_LEVEL = "-Onone";
			};
			name = Debug;
		};
		EDF0D4412A3F2FD300B2F98E /* Release */ = {
			isa = XCBuildConfiguration;
			buildSettings = {
				ALWAYS_SEARCH_USER_PATHS = NO;
				CLANG_ANALYZER_NONNULL = YES;
				CLANG_ANALYZER_NUMBER_OBJECT_CONVERSION = YES_AGGRESSIVE;
				CLANG_CXX_LANGUAGE_STANDARD = "gnu++20";
				CLANG_ENABLE_MODULES = YES;
				CLANG_ENABLE_OBJC_ARC = YES;
				CLANG_ENABLE_OBJC_WEAK = YES;
				CLANG_WARN_BLOCK_CAPTURE_AUTORELEASING = YES;
				CLANG_WARN_BOOL_CONVERSION = YES;
				CLANG_WARN_COMMA = YES;
				CLANG_WARN_CONSTANT_CONVERSION = YES;
				CLANG_WARN_DEPRECATED_OBJC_IMPLEMENTATIONS = YES;
				CLANG_WARN_DIRECT_OBJC_ISA_USAGE = YES_ERROR;
				CLANG_WARN_DOCUMENTATION_COMMENTS = YES;
				CLANG_WARN_EMPTY_BODY = YES;
				CLANG_WARN_ENUM_CONVERSION = YES;
				CLANG_WARN_INFINITE_RECURSION = YES;
				CLANG_WARN_INT_CONVERSION = YES;
				CLANG_WARN_NON_LITERAL_NULL_CONVERSION = YES;
				CLANG_WARN_OBJC_IMPLICIT_RETAIN_SELF = YES;
				CLANG_WARN_OBJC_LITERAL_CONVERSION = YES;
				CLANG_WARN_OBJC_ROOT_CLASS = YES_ERROR;
				CLANG_WARN_QUOTED_INCLUDE_IN_FRAMEWORK_HEADER = YES;
				CLANG_WARN_RANGE_LOOP_ANALYSIS = YES;
				CLANG_WARN_STRICT_PROTOTYPES = YES;
				CLANG_WARN_SUSPICIOUS_MOVE = YES;
				CLANG_WARN_UNGUARDED_AVAILABILITY = YES_AGGRESSIVE;
				CLANG_WARN_UNREACHABLE_CODE = YES;
				CLANG_WARN__DUPLICATE_METHOD_MATCH = YES;
				COPY_PHASE_STRIP = NO;
				DEBUG_INFORMATION_FORMAT = "dwarf-with-dsym";
				ENABLE_NS_ASSERTIONS = NO;
				ENABLE_STRICT_OBJC_MSGSEND = YES;
				ENABLE_USER_SCRIPT_SANDBOXING = YES;
				GCC_C_LANGUAGE_STANDARD = gnu11;
				GCC_NO_COMMON_BLOCKS = YES;
				GCC_WARN_64_TO_32_BIT_CONVERSION = YES;
				GCC_WARN_ABOUT_RETURN_TYPE = YES_ERROR;
				GCC_WARN_UNDECLARED_SELECTOR = YES;
				GCC_WARN_UNINITIALIZED_AUTOS = YES_AGGRESSIVE;
				GCC_WARN_UNUSED_FUNCTION = YES;
				GCC_WARN_UNUSED_VARIABLE = YES;
				IPHONEOS_DEPLOYMENT_TARGET = 16.4;
				MTL_ENABLE_DEBUG_INFO = NO;
				MTL_FAST_MATH = YES;
				SDKROOT = iphoneos;
				SWIFT_COMPILATION_MODE = wholemodule;
				SWIFT_OPTIMIZATION_LEVEL = "-O";
				VALIDATE_PRODUCT = YES;
			};
			name = Release;
		};
		EDF0D4432A3F2FD300B2F98E /* Debug */ = {
			isa = XCBuildConfiguration;
			buildSettings = {
				ASSETCATALOG_COMPILER_APPICON_NAME = AppIcon;
				ASSETCATALOG_COMPILER_GLOBAL_ACCENT_COLOR_NAME = AccentColor;
				CODE_SIGN_STYLE = Automatic;
				CURRENT_PROJECT_VERSION = 1;
				DEVELOPMENT_TEAM = 6AB7TG5AU6;
				GENERATE_INFOPLIST_FILE = YES;
				INFOPLIST_FILE = "Detection/Application Layer/Info.plist";
				INFOPLIST_KEY_UIApplicationSupportsIndirectInputEvents = YES;
				INFOPLIST_KEY_UILaunchStoryboardName = LaunchScreen;
				INFOPLIST_KEY_UISupportedInterfaceOrientations_iPad = "UIInterfaceOrientationPortrait UIInterfaceOrientationPortraitUpsideDown UIInterfaceOrientationLandscapeLeft UIInterfaceOrientationLandscapeRight";
				INFOPLIST_KEY_UISupportedInterfaceOrientations_iPhone = "UIInterfaceOrientationPortrait UIInterfaceOrientationLandscapeLeft UIInterfaceOrientationLandscapeRight";
				LD_RUNPATH_SEARCH_PATHS = (
					"$(inherited)",
					"@executable_path/Frameworks",
				);
				MARKETING_VERSION = 1.0;
				PRODUCT_BUNDLE_IDENTIFIER = e1ernal.Detection;
				PRODUCT_NAME = "$(TARGET_NAME)";
				SWIFT_EMIT_LOC_STRINGS = YES;
				SWIFT_VERSION = 5.0;
				TARGETED_DEVICE_FAMILY = "1,2";
			};
			name = Debug;
		};
		EDF0D4442A3F2FD300B2F98E /* Release */ = {
			isa = XCBuildConfiguration;
			buildSettings = {
				ASSETCATALOG_COMPILER_APPICON_NAME = AppIcon;
				ASSETCATALOG_COMPILER_GLOBAL_ACCENT_COLOR_NAME = AccentColor;
				CODE_SIGN_STYLE = Automatic;
				CURRENT_PROJECT_VERSION = 1;
				DEVELOPMENT_TEAM = 6AB7TG5AU6;
				GENERATE_INFOPLIST_FILE = YES;
				INFOPLIST_FILE = "Detection/Application Layer/Info.plist";
				INFOPLIST_KEY_UIApplicationSupportsIndirectInputEvents = YES;
				INFOPLIST_KEY_UILaunchStoryboardName = LaunchScreen;
				INFOPLIST_KEY_UISupportedInterfaceOrientations_iPad = "UIInterfaceOrientationPortrait UIInterfaceOrientationPortraitUpsideDown UIInterfaceOrientationLandscapeLeft UIInterfaceOrientationLandscapeRight";
				INFOPLIST_KEY_UISupportedInterfaceOrientations_iPhone = "UIInterfaceOrientationPortrait UIInterfaceOrientationLandscapeLeft UIInterfaceOrientationLandscapeRight";
				LD_RUNPATH_SEARCH_PATHS = (
					"$(inherited)",
					"@executable_path/Frameworks",
				);
				MARKETING_VERSION = 1.0;
				PRODUCT_BUNDLE_IDENTIFIER = e1ernal.Detection;
				PRODUCT_NAME = "$(TARGET_NAME)";
				SWIFT_EMIT_LOC_STRINGS = YES;
				SWIFT_VERSION = 5.0;
				TARGETED_DEVICE_FAMILY = "1,2";
			};
			name = Release;
		};
/* End XCBuildConfiguration section */

/* Begin XCConfigurationList section */
		EDF0D4292A3F2FD200B2F98E /* Build configuration list for PBXProject "Detection" */ = {
			isa = XCConfigurationList;
			buildConfigurations = (
				EDF0D4402A3F2FD300B2F98E /* Debug */,
				EDF0D4412A3F2FD300B2F98E /* Release */,
			);
			defaultConfigurationIsVisible = 0;
			defaultConfigurationName = Release;
		};
		EDF0D4422A3F2FD300B2F98E /* Build configuration list for PBXNativeTarget "Detection" */ = {
			isa = XCConfigurationList;
			buildConfigurations = (
				EDF0D4432A3F2FD300B2F98E /* Debug */,
				EDF0D4442A3F2FD300B2F98E /* Release */,
			);
			defaultConfigurationIsVisible = 0;
			defaultConfigurationName = Release;
		};
/* End XCConfigurationList section */
	};
	rootObject = EDF0D4262A3F2FD200B2F98E /* Project object */;
}
