// !$*UTF8*$!
{
	archiveVersion = 1;
	classes = {
	};
	objectVersion = 56;
	objects = {

/* Begin PBXBuildFile section */
		ED12BA562C68A54D009635DE /* ObjectDetector.mlmodel in Sources */ = {isa = PBXBuildFile; fileRef = ED12BA552C68A54D009635DE /* ObjectDetector.mlmodel */; };
		ED56A7FE2A489A8300F14173 /* UIViewController.swift in Sources */ = {isa = PBXBuildFile; fileRef = ED56A7FD2A489A8300F14173 /* UIViewController.swift */; };
		ED56A8002A489AC900F14173 /* String.swift in Sources */ = {isa = PBXBuildFile; fileRef = ED56A7FF2A489AC900F14173 /* String.swift */; };
		ED56A8022A489B4900F14173 /* Array.swift in Sources */ = {isa = PBXBuildFile; fileRef = ED56A8012A489B4900F14173 /* Array.swift */; };
		ED9303642A42E59D00169BD1 /* DetailedVC.swift in Sources */ = {isa = PBXBuildFile; fileRef = ED9303632A42E59D00169BD1 /* DetailedVC.swift */; };
		ED9303662A42E78D00169BD1 /* DetailedVC+TableView.swift in Sources */ = {isa = PBXBuildFile; fileRef = ED9303652A42E78D00169BD1 /* DetailedVC+TableView.swift */; };
		ED9303682A4308FB00169BD1 /* DetailedCell.swift in Sources */ = {isa = PBXBuildFile; fileRef = ED9303672A4308FB00169BD1 /* DetailedCell.swift */; };
		EDAF5DE22A40E51B00A48A91 /* MainVC+MLModel.swift in Sources */ = {isa = PBXBuildFile; fileRef = EDAF5DE12A40E51B00A48A91 /* MainVC+MLModel.swift */; };
		EDBD0B442C68A0D50011E2D2 /* Reusable.swift in Sources */ = {isa = PBXBuildFile; fileRef = EDBD0B432C68A0D50011E2D2 /* Reusable.swift */; };
		EDBD0B462C68A0F40011E2D2 /* TableViewCell.swift in Sources */ = {isa = PBXBuildFile; fileRef = EDBD0B452C68A0F40011E2D2 /* TableViewCell.swift */; };
		EDBD0B482C68A1290011E2D2 /* UITableView+deque.swift in Sources */ = {isa = PBXBuildFile; fileRef = EDBD0B472C68A1290011E2D2 /* UITableView+deque.swift */; };
		EDDFA93F2AA60F2400D332FE /* MenuVC.swift in Sources */ = {isa = PBXBuildFile; fileRef = EDDFA93E2AA60F2400D332FE /* MenuVC.swift */; };
		EDDFA9412AA60F8800D332FE /* MenuButtons.swift in Sources */ = {isa = PBXBuildFile; fileRef = EDDFA9402AA60F8800D332FE /* MenuButtons.swift */; };
		EDDFA9432AA6112C00D332FE /* MenuVC+TableView.swift in Sources */ = {isa = PBXBuildFile; fileRef = EDDFA9422AA6112C00D332FE /* MenuVC+TableView.swift */; };
		EDF0D4322A3F2FD200B2F98E /* AppDelegate.swift in Sources */ = {isa = PBXBuildFile; fileRef = EDF0D4312A3F2FD200B2F98E /* AppDelegate.swift */; };
		EDF0D4362A3F2FD200B2F98E /* MainVC.swift in Sources */ = {isa = PBXBuildFile; fileRef = EDF0D4352A3F2FD200B2F98E /* MainVC.swift */; };
		EDF0D43B2A3F2FD300B2F98E /* Assets.xcassets in Resources */ = {isa = PBXBuildFile; fileRef = EDF0D43A2A3F2FD300B2F98E /* Assets.xcassets */; };
		EDF0D4472A3F33A600B2F98E /* InfoVC.swift in Sources */ = {isa = PBXBuildFile; fileRef = EDF0D4462A3F33A600B2F98E /* InfoVC.swift */; };
		EDF0D44A2A3F3BAD00B2F98E /* SignInfoCell.swift in Sources */ = {isa = PBXBuildFile; fileRef = EDF0D4492A3F3BAD00B2F98E /* SignInfoCell.swift */; };
		EDF0D44D2A3F51CA00B2F98E /* Signs.swift in Sources */ = {isa = PBXBuildFile; fileRef = EDF0D44C2A3F51CA00B2F98E /* Signs.swift */; };
		EDF0D44F2A3F797D00B2F98E /* AboutVC.swift in Sources */ = {isa = PBXBuildFile; fileRef = EDF0D44E2A3F797D00B2F98E /* AboutVC.swift */; };
		EDF0D4512A3F7F8F00B2F98E /* Sections.swift in Sources */ = {isa = PBXBuildFile; fileRef = EDF0D4502A3F7F8F00B2F98E /* Sections.swift */; };
		EDF0D4532A3F953C00B2F98E /* SignDetectionCell.swift in Sources */ = {isa = PBXBuildFile; fileRef = EDF0D4522A3F953C00B2F98E /* SignDetectionCell.swift */; };
		EDF3D81A2A40851600507283 /* MainVC+NavigationBar.swift in Sources */ = {isa = PBXBuildFile; fileRef = EDF3D8192A40851600507283 /* MainVC+NavigationBar.swift */; };
		EDF3D81C2A40859E00507283 /* MainVC+TableView.swift in Sources */ = {isa = PBXBuildFile; fileRef = EDF3D81B2A40859E00507283 /* MainVC+TableView.swift */; };
		EDF3D81E2A4085FF00507283 /* MainVC+ImagePicker.swift in Sources */ = {isa = PBXBuildFile; fileRef = EDF3D81D2A4085FF00507283 /* MainVC+ImagePicker.swift */; };
		EDF3D8202A4086EC00507283 /* InfoVC+TableView.swift in Sources */ = {isa = PBXBuildFile; fileRef = EDF3D81F2A4086EC00507283 /* InfoVC+TableView.swift */; };
		EDF3D8262A4087B300507283 /* AboutVC+TableView.swift in Sources */ = {isa = PBXBuildFile; fileRef = EDF3D8252A4087B300507283 /* AboutVC+TableView.swift */; };
		EDF3D8282A40881700507283 /* Draw.swift in Sources */ = {isa = PBXBuildFile; fileRef = EDF3D8272A40881700507283 /* Draw.swift */; };
		EDF3D82A2A4090EB00507283 /* Cells.swift in Sources */ = {isa = PBXBuildFile; fileRef = EDF3D8292A4090EB00507283 /* Cells.swift */; };
/* End PBXBuildFile section */

/* Begin PBXFileReference section */
		ED12BA552C68A54D009635DE /* ObjectDetector.mlmodel */ = {isa = PBXFileReference; lastKnownFileType = file.mlmodel; name = ObjectDetector.mlmodel; path = ../../../../../../../../Downloads/ObjectDetector.mlmodel; sourceTree = "<group>"; };
		ED56A7FD2A489A8300F14173 /* UIViewController.swift */ = {isa = PBXFileReference; lastKnownFileType = sourcecode.swift; path = UIViewController.swift; sourceTree = "<group>"; };
		ED56A7FF2A489AC900F14173 /* String.swift */ = {isa = PBXFileReference; lastKnownFileType = sourcecode.swift; path = String.swift; sourceTree = "<group>"; };
		ED56A8012A489B4900F14173 /* Array.swift */ = {isa = PBXFileReference; lastKnownFileType = sourcecode.swift; path = Array.swift; sourceTree = "<group>"; };
		ED9303632A42E59D00169BD1 /* DetailedVC.swift */ = {isa = PBXFileReference; lastKnownFileType = sourcecode.swift; path = DetailedVC.swift; sourceTree = "<group>"; };
		ED9303652A42E78D00169BD1 /* DetailedVC+TableView.swift */ = {isa = PBXFileReference; lastKnownFileType = sourcecode.swift; path = "DetailedVC+TableView.swift"; sourceTree = "<group>"; };
		ED9303672A4308FB00169BD1 /* DetailedCell.swift */ = {isa = PBXFileReference; lastKnownFileType = sourcecode.swift; path = DetailedCell.swift; sourceTree = "<group>"; };
		EDAF5DE12A40E51B00A48A91 /* MainVC+MLModel.swift */ = {isa = PBXFileReference; lastKnownFileType = sourcecode.swift; path = "MainVC+MLModel.swift"; sourceTree = "<group>"; };
		EDBD0B432C68A0D50011E2D2 /* Reusable.swift */ = {isa = PBXFileReference; lastKnownFileType = sourcecode.swift; path = Reusable.swift; sourceTree = "<group>"; };
		EDBD0B452C68A0F40011E2D2 /* TableViewCell.swift */ = {isa = PBXFileReference; lastKnownFileType = sourcecode.swift; path = TableViewCell.swift; sourceTree = "<group>"; };
		EDBD0B472C68A1290011E2D2 /* UITableView+deque.swift */ = {isa = PBXFileReference; lastKnownFileType = sourcecode.swift; path = "UITableView+deque.swift"; sourceTree = "<group>"; };
		EDDFA93E2AA60F2400D332FE /* MenuVC.swift */ = {isa = PBXFileReference; lastKnownFileType = sourcecode.swift; path = MenuVC.swift; sourceTree = "<group>"; };
		EDDFA9402AA60F8800D332FE /* MenuButtons.swift */ = {isa = PBXFileReference; lastKnownFileType = sourcecode.swift; path = MenuButtons.swift; sourceTree = "<group>"; };
		EDDFA9422AA6112C00D332FE /* MenuVC+TableView.swift */ = {isa = PBXFileReference; lastKnownFileType = sourcecode.swift; path = "MenuVC+TableView.swift"; sourceTree = "<group>"; };
		EDF0D42E2A3F2FD200B2F98E /* Detection.app */ = {isa = PBXFileReference; explicitFileType = wrapper.application; includeInIndex = 0; path = Detection.app; sourceTree = BUILT_PRODUCTS_DIR; };
		EDF0D4312A3F2FD200B2F98E /* AppDelegate.swift */ = {isa = PBXFileReference; lastKnownFileType = sourcecode.swift; path = AppDelegate.swift; sourceTree = "<group>"; };
		EDF0D4352A3F2FD200B2F98E /* MainVC.swift */ = {isa = PBXFileReference; lastKnownFileType = sourcecode.swift; path = MainVC.swift; sourceTree = "<group>"; };
		EDF0D43A2A3F2FD300B2F98E /* Assets.xcassets */ = {isa = PBXFileReference; lastKnownFileType = folder.assetcatalog; path = Assets.xcassets; sourceTree = "<group>"; };
		EDF0D43F2A3F2FD300B2F98E /* Info.plist */ = {isa = PBXFileReference; lastKnownFileType = text.plist.xml; path = Info.plist; sourceTree = "<group>"; };
		EDF0D4462A3F33A600B2F98E /* InfoVC.swift */ = {isa = PBXFileReference; lastKnownFileType = sourcecode.swift; path = InfoVC.swift; sourceTree = "<group>"; };
		EDF0D4492A3F3BAD00B2F98E /* SignInfoCell.swift */ = {isa = PBXFileReference; lastKnownFileType = sourcecode.swift; path = SignInfoCell.swift; sourceTree = "<group>"; };
		EDF0D44C2A3F51CA00B2F98E /* Signs.swift */ = {isa = PBXFileReference; lastKnownFileType = sourcecode.swift; path = Signs.swift; sourceTree = "<group>"; };
		EDF0D44E2A3F797D00B2F98E /* AboutVC.swift */ = {isa = PBXFileReference; lastKnownFileType = sourcecode.swift; path = AboutVC.swift; sourceTree = "<group>"; };
		EDF0D4502A3F7F8F00B2F98E /* Sections.swift */ = {isa = PBXFileReference; lastKnownFileType = sourcecode.swift; path = Sections.swift; sourceTree = "<group>"; };
		EDF0D4522A3F953C00B2F98E /* SignDetectionCell.swift */ = {isa = PBXFileReference; lastKnownFileType = sourcecode.swift; path = SignDetectionCell.swift; sourceTree = "<group>"; };
		EDF3D8192A40851600507283 /* MainVC+NavigationBar.swift */ = {isa = PBXFileReference; lastKnownFileType = sourcecode.swift; path = "MainVC+NavigationBar.swift"; sourceTree = "<group>"; };
		EDF3D81B2A40859E00507283 /* MainVC+TableView.swift */ = {isa = PBXFileReference; lastKnownFileType = sourcecode.swift; path = "MainVC+TableView.swift"; sourceTree = "<group>"; };
		EDF3D81D2A4085FF00507283 /* MainVC+ImagePicker.swift */ = {isa = PBXFileReference; lastKnownFileType = sourcecode.swift; path = "MainVC+ImagePicker.swift"; sourceTree = "<group>"; };
		EDF3D81F2A4086EC00507283 /* InfoVC+TableView.swift */ = {isa = PBXFileReference; lastKnownFileType = sourcecode.swift; path = "InfoVC+TableView.swift"; sourceTree = "<group>"; };
		EDF3D8252A4087B300507283 /* AboutVC+TableView.swift */ = {isa = PBXFileReference; lastKnownFileType = sourcecode.swift; path = "AboutVC+TableView.swift"; sourceTree = "<group>"; };
		EDF3D8272A40881700507283 /* Draw.swift */ = {isa = PBXFileReference; lastKnownFileType = sourcecode.swift; path = Draw.swift; sourceTree = "<group>"; };
		EDF3D8292A4090EB00507283 /* Cells.swift */ = {isa = PBXFileReference; lastKnownFileType = sourcecode.swift; path = Cells.swift; sourceTree = "<group>"; };
/* End PBXFileReference section */

/* Begin PBXFrameworksBuildPhase section */
		EDF0D42B2A3F2FD200B2F98E /* Frameworks */ = {
			isa = PBXFrameworksBuildPhase;
			buildActionMask = 2147483647;
			files = (
			);
			runOnlyForDeploymentPostprocessing = 0;
		};
/* End PBXFrameworksBuildPhase section */

/* Begin PBXGroup section */
		ED12BA542C68A53E009635DE /* Models */ = {
			isa = PBXGroup;
			children = (
				ED12BA552C68A54D009635DE /* ObjectDetector.mlmodel */,
			);
			path = Models;
			sourceTree = "<group>";
		};
		ED12BA572C68A58E009635DE /* Models */ = {
			isa = PBXGroup;
			children = (
				EDF0D4502A3F7F8F00B2F98E /* Sections.swift */,
			);
			path = Models;
			sourceTree = "<group>";
		};
		ED12BA582C68A5B0009635DE /* Models */ = {
			isa = PBXGroup;
			children = (
				EDDFA9402AA60F8800D332FE /* MenuButtons.swift */,
			);
			path = Models;
			sourceTree = "<group>";
		};
		ED56A7F92A489A1200F14173 /* Main */ = {
			isa = PBXGroup;
			children = (
				EDF0D4352A3F2FD200B2F98E /* MainVC.swift */,
				EDF3D8192A40851600507283 /* MainVC+NavigationBar.swift */,
				EDF3D81B2A40859E00507283 /* MainVC+TableView.swift */,
				EDF3D81D2A4085FF00507283 /* MainVC+ImagePicker.swift */,
				EDAF5DE12A40E51B00A48A91 /* MainVC+MLModel.swift */,
				ED12BA542C68A53E009635DE /* Models */,
			);
			path = Main;
			sourceTree = "<group>";
		};
		ED56A7FA2A489A2F00F14173 /* Info */ = {
			isa = PBXGroup;
			children = (
				EDF0D4462A3F33A600B2F98E /* InfoVC.swift */,
				EDF3D81F2A4086EC00507283 /* InfoVC+TableView.swift */,
				EDBD0B4A2C68A32C0011E2D2 /* Cells */,
				EDBD0B4B2C68A3A70011E2D2 /* Models */,
			);
			path = Info;
			sourceTree = "<group>";
		};
		ED56A7FB2A489A4600F14173 /* About */ = {
			isa = PBXGroup;
			children = (
				EDF0D44E2A3F797D00B2F98E /* AboutVC.swift */,
				EDF3D8252A4087B300507283 /* AboutVC+TableView.swift */,
				ED12BA572C68A58E009635DE /* Models */,
			);
			path = About;
			sourceTree = "<group>";
		};
		ED56A7FC2A489A5700F14173 /* Detailed */ = {
			isa = PBXGroup;
			children = (
				ED9303632A42E59D00169BD1 /* DetailedVC.swift */,
				ED9303652A42E78D00169BD1 /* DetailedVC+TableView.swift */,
				EDBD0B492C68A2DC0011E2D2 /* Cells */,
			);
			path = Detailed;
			sourceTree = "<group>";
		};
		EDBD0B3F2C689E170011E2D2 /* Application Layer */ = {
			isa = PBXGroup;
			children = (
				EDF0D43A2A3F2FD300B2F98E /* Assets.xcassets */,
				EDF0D4312A3F2FD200B2F98E /* AppDelegate.swift */,
				EDF0D43F2A3F2FD300B2F98E /* Info.plist */,
			);
			path = "Application Layer";
			sourceTree = "<group>";
		};
		EDBD0B402C68A0880011E2D2 /* Presentation Layer */ = {
			isa = PBXGroup;
			children = (
				EDBD0B422C68A0A90011E2D2 /* Components */,
				EDBD0B412C68A09C0011E2D2 /* User Stories */,
			);
			path = "Presentation Layer";
			sourceTree = "<group>";
		};
		EDBD0B412C68A09C0011E2D2 /* User Stories */ = {
			isa = PBXGroup;
			children = (
				EDDFA93D2AA60F1100D332FE /* Menu */,
				ED56A7FC2A489A5700F14173 /* Detailed */,
				ED56A7FB2A489A4600F14173 /* About */,
				ED56A7FA2A489A2F00F14173 /* Info */,
				ED56A7F92A489A1200F14173 /* Main */,
			);
			path = "User Stories";
			sourceTree = "<group>";
		};
		EDBD0B422C68A0A90011E2D2 /* Components */ = {
			isa = PBXGroup;
			children = (
				EDBD0B432C68A0D50011E2D2 /* Reusable.swift */,
				EDBD0B452C68A0F40011E2D2 /* TableViewCell.swift */,
				EDBD0B472C68A1290011E2D2 /* UITableView+deque.swift */,
				EDF3D8292A4090EB00507283 /* Cells.swift */,
			);
			path = Components;
			sourceTree = "<group>";
		};
		EDBD0B492C68A2DC0011E2D2 /* Cells */ = {
			isa = PBXGroup;
			children = (
				EDF0D4522A3F953C00B2F98E /* SignDetectionCell.swift */,
				ED9303672A4308FB00169BD1 /* DetailedCell.swift */,
			);
			path = Cells;
			sourceTree = "<group>";
		};
		EDBD0B4A2C68A32C0011E2D2 /* Cells */ = {
			isa = PBXGroup;
			children = (
				EDF0D4492A3F3BAD00B2F98E /* SignInfoCell.swift */,
			);
			path = Cells;
			sourceTree = "<group>";
		};
		EDBD0B4B2C68A3A70011E2D2 /* Models */ = {
			isa = PBXGroup;
			children = (
				EDF0D44C2A3F51CA00B2F98E /* Signs.swift */,
			);
			path = Models;
			sourceTree = "<group>";
		};
		EDDFA93D2AA60F1100D332FE /* Menu */ = {
			isa = PBXGroup;
			children = (
				EDDFA93E2AA60F2400D332FE /* MenuVC.swift */,
				EDDFA9422AA6112C00D332FE /* MenuVC+TableView.swift */,
				ED12BA582C68A5B0009635DE /* Models */,
			);
			path = Menu;
			sourceTree = "<group>";
		};
		EDF0D4252A3F2FD200B2F98E = {
			isa = PBXGroup;
			children = (
				EDF0D4302A3F2FD200B2F98E /* Detection */,
				EDF0D42F2A3F2FD200B2F98E /* Products */,
			);
			sourceTree = "<group>";
		};
		EDF0D42F2A3F2FD200B2F98E /* Products */ = {
			isa = PBXGroup;
			children = (
				EDF0D42E2A3F2FD200B2F98E /* Detection.app */,
			);
			name = Products;
			sourceTree = "<group>";
		};
		EDF0D4302A3F2FD200B2F98E /* Detection */ = {
			isa = PBXGroup;
			children = (
				EDBD0B3F2C689E170011E2D2 /* Application Layer */,
				EDBD0B402C68A0880011E2D2 /* Presentation Layer */,
				EDF3D8182A4084C600507283 /* Extensions */,
			);
			path = Detection;
			sourceTree = "<group>";
		};
		EDF3D8182A4084C600507283 /* Extensions */ = {
			isa = PBXGroup;
			children = (
				EDF3D8272A40881700507283 /* Draw.swift */,
				ED56A7FD2A489A8300F14173 /* UIViewController.swift */,
				ED56A7FF2A489AC900F14173 /* String.swift */,
				ED56A8012A489B4900F14173 /* Array.swift */,
			);
			path = Extensions;
			sourceTree = "<group>";
		};
/* End PBXGroup section */

/* Begin PBXNativeTarget section */
		EDF0D42D2A3F2FD200B2F98E /* Detection */ = {
			isa = PBXNativeTarget;
			buildConfigurationList = EDF0D4422A3F2FD300B2F98E /* Build configuration list for PBXNativeTarget "Detection" */;
			buildPhases = (
				EDF0D42A2A3F2FD200B2F98E /* Sources */,
				EDF0D42B2A3F2FD200B2F98E /* Frameworks */,
				EDF0D42C2A3F2FD200B2F98E /* Resources */,
			);
			buildRules = (
			);
			dependencies = (
			);
			name = Detection;
			productName = RoadSignDetection;
			productReference = EDF0D42E2A3F2FD200B2F98E /* Detection.app */;
			productType = "com.apple.product-type.application";
		};
/* End PBXNativeTarget section */

/* Begin PBXProject section */
		EDF0D4262A3F2FD200B2F98E /* Project object */ = {
			isa = PBXProject;
			attributes = {
				BuildIndependentTargetsInParallel = 1;
				LastSwiftUpdateCheck = 1430;
				LastUpgradeCheck = 1540;
				TargetAttributes = {
					EDF0D42D2A3F2FD200B2F98E = {
						CreatedOnToolsVersion = 14.3.1;
					};
				};
			};
			buildConfigurationList = EDF0D4292A3F2FD200B2F98E /* Build configuration list for PBXProject "Detection" */;
			compatibilityVersion = "Xcode 14.0";
			developmentRegion = en;
			hasScannedForEncodings = 0;
			knownRegions = (
				en,
				Base,
			);
			mainGroup = EDF0D4252A3F2FD200B2F98E;
			productRefGroup = EDF0D42F2A3F2FD200B2F98E /* Products */;
			projectDirPath = "";
			projectRoot = "";
			targets = (
				EDF0D42D2A3F2FD200B2F98E /* Detection */,
			);
		};
/* End PBXProject section */

/* Begin PBXResourcesBuildPhase section */
		EDF0D42C2A3F2FD200B2F98E /* Resources */ = {
			isa = PBXResourcesBuildPhase;
			buildActionMask = 2147483647;
			files = (
				EDF0D43B2A3F2FD300B2F98E /* Assets.xcassets in Resources */,
			);
			runOnlyForDeploymentPostprocessing = 0;
		};
/* End PBXResourcesBuildPhase section */

/* Begin PBXSourcesBuildPhase section */
		EDF0D42A2A3F2FD200B2F98E /* Sources */ = {
			isa = PBXSourcesBuildPhase;
			buildActionMask = 2147483647;
			files = (
				ED9303662A42E78D00169BD1 /* DetailedVC+TableView.swift in Sources */,
				EDF0D44F2A3F797D00B2F98E /* AboutVC.swift in Sources */,
				EDF3D81E2A4085FF00507283 /* MainVC+ImagePicker.swift in Sources */,
				EDF3D8202A4086EC00507283 /* InfoVC+TableView.swift in Sources */,
				EDF3D8282A40881700507283 /* Draw.swift in Sources */,
				EDBD0B462C68A0F40011E2D2 /* TableViewCell.swift in Sources */,
				EDF3D8262A4087B300507283 /* AboutVC+TableView.swift in Sources */,
				EDF0D4512A3F7F8F00B2F98E /* Sections.swift in Sources */,
				EDF0D4532A3F953C00B2F98E /* SignDetectionCell.swift in Sources */,
				ED12BA562C68A54D009635DE /* ObjectDetector.mlmodel in Sources */,
				ED56A7FE2A489A8300F14173 /* UIViewController.swift in Sources */,
				EDF0D4472A3F33A600B2F98E /* InfoVC.swift in Sources */,
				EDF0D44A2A3F3BAD00B2F98E /* SignInfoCell.swift in Sources */,
				EDBD0B442C68A0D50011E2D2 /* Reusable.swift in Sources */,
				EDDFA9412AA60F8800D332FE /* MenuButtons.swift in Sources */,
				ED56A8002A489AC900F14173 /* String.swift in Sources */,
				EDF0D44D2A3F51CA00B2F98E /* Signs.swift in Sources */,
				EDF0D4362A3F2FD200B2F98E /* MainVC.swift in Sources */,
				ED56A8022A489B4900F14173 /* Array.swift in Sources */,
				EDAF5DE22A40E51B00A48A91 /* MainVC+MLModel.swift in Sources */,
				EDF0D4322A3F2FD200B2F98E /* AppDelegate.swift in Sources */,
				EDBD0B482C68A1290011E2D2 /* UITableView+deque.swift in Sources */,
				EDDFA93F2AA60F2400D332FE /* MenuVC.swift in Sources */,
				EDF3D81C2A40859E00507283 /* MainVC+TableView.swift in Sources */,
				EDF3D82A2A4090EB00507283 /* Cells.swift in Sources */,
				ED9303682A4308FB00169BD1 /* DetailedCell.swift in Sources */,
				EDF3D81A2A40851600507283 /* MainVC+NavigationBar.swift in Sources */,
				ED9303642A42E59D00169BD1 /* DetailedVC.swift in Sources */,
				EDDFA9432AA6112C00D332FE /* MenuVC+TableView.swift in Sources */,
			);
			runOnlyForDeploymentPostprocessing = 0;
		};
/* End PBXSourcesBuildPhase section */

/* Begin XCBuildConfiguration section */
		EDF0D4402A3F2FD300B2F98E /* Debug */ = {
			isa = XCBuildConfiguration;
			buildSettings = {
				ALWAYS_SEARCH_USER_PATHS = NO;
				CLANG_ANALYZER_NONNULL = YES;
				CLANG_ANALYZER_NUMBER_OBJECT_CONVERSION = YES_AGGRESSIVE;
				CLANG_CXX_LANGUAGE_STANDARD = "gnu++20";
				CLANG_ENABLE_MODULES = YES;
				CLANG_ENABLE_OBJC_ARC = YES;
				CLANG_ENABLE_OBJC_WEAK = YES;
				CLANG_WARN_BLOCK_CAPTURE_AUTORELEASING = YES;
				CLANG_WARN_BOOL_CONVERSION = YES;
				CLANG_WARN_COMMA = YES;
				CLANG_WARN_CONSTANT_CONVERSION = YES;
				CLANG_WARN_DEPRECATED_OBJC_IMPLEMENTATIONS = YES;
				CLANG_WARN_DIRECT_OBJC_ISA_USAGE = YES_ERROR;
				CLANG_WARN_DOCUMENTATION_COMMENTS = YES;
				CLANG_WARN_EMPTY_BODY = YES;
				CLANG_WARN_ENUM_CONVERSION = YES;
				CLANG_WARN_INFINITE_RECURSION = YES;
				CLANG_WARN_INT_CONVERSION = YES;
				CLANG_WARN_NON_LITERAL_NULL_CONVERSION = YES;
				CLANG_WARN_OBJC_IMPLICIT_RETAIN_SELF = YES;
				CLANG_WARN_OBJC_LITERAL_CONVERSION = YES;
				CLANG_WARN_OBJC_ROOT_CLASS = YES_ERROR;
				CLANG_WARN_QUOTED_INCLUDE_IN_FRAMEWORK_HEADER = YES;
				CLANG_WARN_RANGE_LOOP_ANALYSIS = YES;
				CLANG_WARN_STRICT_PROTOTYPES = YES;
				CLANG_WARN_SUSPICIOUS_MOVE = YES;
				CLANG_WARN_UNGUARDED_AVAILABILITY = YES_AGGRESSIVE;
				CLANG_WARN_UNREACHABLE_CODE = YES;
				CLANG_WARN__DUPLICATE_METHOD_MATCH = YES;
				COPY_PHASE_STRIP = NO;
				DEBUG_INFORMATION_FORMAT = dwarf;
				ENABLE_STRICT_OBJC_MSGSEND = YES;
				ENABLE_TESTABILITY = YES;
				ENABLE_USER_SCRIPT_SANDBOXING = YES;
				GCC_C_LANGUAGE_STANDARD = gnu11;
				GCC_DYNAMIC_NO_PIC = NO;
				GCC_NO_COMMON_BLOCKS = YES;
				GCC_OPTIMIZATION_LEVEL = 0;
				GCC_PREPROCESSOR_DEFINITIONS = (
					"DEBUG=1",
					"$(inherited)",
				);
				GCC_WARN_64_TO_32_BIT_CONVERSION = YES;
				GCC_WARN_ABOUT_RETURN_TYPE = YES_ERROR;
				GCC_WARN_UNDECLARED_SELECTOR = YES;
				GCC_WARN_UNINITIALIZED_AUTOS = YES_AGGRESSIVE;
				GCC_WARN_UNUSED_FUNCTION = YES;
				GCC_WARN_UNUSED_VARIABLE = YES;
				IPHONEOS_DEPLOYMENT_TARGET = 16.4;
				MTL_ENABLE_DEBUG_INFO = INCLUDE_SOURCE;
				MTL_FAST_MATH = YES;
				ONLY_ACTIVE_ARCH = YES;
				SDKROOT = iphoneos;
				SWIFT_ACTIVE_COMPILATION_CONDITIONS = DEBUG;
				SWIFT_OPTIMIZATION_LEVEL = "-Onone";
			};
			name = Debug;
		};
		EDF0D4412A3F2FD300B2F98E /* Release */ = {
			isa = XCBuildConfiguration;
			buildSettings = {
				ALWAYS_SEARCH_USER_PATHS = NO;
				CLANG_ANALYZER_NONNULL = YES;
				CLANG_ANALYZER_NUMBER_OBJECT_CONVERSION = YES_AGGRESSIVE;
				CLANG_CXX_LANGUAGE_STANDARD = "gnu++20";
				CLANG_ENABLE_MODULES = YES;
				CLANG_ENABLE_OBJC_ARC = YES;
				CLANG_ENABLE_OBJC_WEAK = YES;
				CLANG_WARN_BLOCK_CAPTURE_AUTORELEASING = YES;
				CLANG_WARN_BOOL_CONVERSION = YES;
				CLANG_WARN_COMMA = YES;
				CLANG_WARN_CONSTANT_CONVERSION = YES;
				CLANG_WARN_DEPRECATED_OBJC_IMPLEMENTATIONS = YES;
				CLANG_WARN_DIRECT_OBJC_ISA_USAGE = YES_ERROR;
				CLANG_WARN_DOCUMENTATION_COMMENTS = YES;
				CLANG_WARN_EMPTY_BODY = YES;
				CLANG_WARN_ENUM_CONVERSION = YES;
				CLANG_WARN_INFINITE_RECURSION = YES;
				CLANG_WARN_INT_CONVERSION = YES;
				CLANG_WARN_NON_LITERAL_NULL_CONVERSION = YES;
				CLANG_WARN_OBJC_IMPLICIT_RETAIN_SELF = YES;
				CLANG_WARN_OBJC_LITERAL_CONVERSION = YES;
				CLANG_WARN_OBJC_ROOT_CLASS = YES_ERROR;
				CLANG_WARN_QUOTED_INCLUDE_IN_FRAMEWORK_HEADER = YES;
				CLANG_WARN_RANGE_LOOP_ANALYSIS = YES;
				CLANG_WARN_STRICT_PROTOTYPES = YES;
				CLANG_WARN_SUSPICIOUS_MOVE = YES;
				CLANG_WARN_UNGUARDED_AVAILABILITY = YES_AGGRESSIVE;
				CLANG_WARN_UNREACHABLE_CODE = YES;
				CLANG_WARN__DUPLICATE_METHOD_MATCH = YES;
				COPY_PHASE_STRIP = NO;
				DEBUG_INFORMATION_FORMAT = "dwarf-with-dsym";
				ENABLE_NS_ASSERTIONS = NO;
				ENABLE_STRICT_OBJC_MSGSEND = YES;
				ENABLE_USER_SCRIPT_SANDBOXING = YES;
				GCC_C_LANGUAGE_STANDARD = gnu11;
				GCC_NO_COMMON_BLOCKS = YES;
				GCC_WARN_64_TO_32_BIT_CONVERSION = YES;
				GCC_WARN_ABOUT_RETURN_TYPE = YES_ERROR;
				GCC_WARN_UNDECLARED_SELECTOR = YES;
				GCC_WARN_UNINITIALIZED_AUTOS = YES_AGGRESSIVE;
				GCC_WARN_UNUSED_FUNCTION = YES;
				GCC_WARN_UNUSED_VARIABLE = YES;
				IPHONEOS_DEPLOYMENT_TARGET = 16.4;
				MTL_ENABLE_DEBUG_INFO = NO;
				MTL_FAST_MATH = YES;
				SDKROOT = iphoneos;
				SWIFT_COMPILATION_MODE = wholemodule;
				SWIFT_OPTIMIZATION_LEVEL = "-O";
				VALIDATE_PRODUCT = YES;
			};
			name = Release;
		};
		EDF0D4432A3F2FD300B2F98E /* Debug */ = {
			isa = XCBuildConfiguration;
			buildSettings = {
				ASSETCATALOG_COMPILER_APPICON_NAME = AppIcon;
				ASSETCATALOG_COMPILER_GLOBAL_ACCENT_COLOR_NAME = AccentColor;
				CODE_SIGN_STYLE = Automatic;
				CURRENT_PROJECT_VERSION = 1;
				DEVELOPMENT_TEAM = 6AB7TG5AU6;
				GENERATE_INFOPLIST_FILE = YES;
				INFOPLIST_FILE = "Detection/Application Layer/Info.plist";
				INFOPLIST_KEY_UIApplicationSupportsIndirectInputEvents = YES;
				INFOPLIST_KEY_UILaunchStoryboardName = LaunchScreen;
				INFOPLIST_KEY_UISupportedInterfaceOrientations_iPad = "UIInterfaceOrientationPortrait UIInterfaceOrientationPortraitUpsideDown UIInterfaceOrientationLandscapeLeft UIInterfaceOrientationLandscapeRight";
				INFOPLIST_KEY_UISupportedInterfaceOrientations_iPhone = "UIInterfaceOrientationPortrait UIInterfaceOrientationLandscapeLeft UIInterfaceOrientationLandscapeRight";
				LD_RUNPATH_SEARCH_PATHS = (
					"$(inherited)",
					"@executable_path/Frameworks",
				);
				MARKETING_VERSION = 1.0;
				PRODUCT_BUNDLE_IDENTIFIER = e1ernal.Detection;
				PRODUCT_NAME = "$(TARGET_NAME)";
				SWIFT_EMIT_LOC_STRINGS = YES;
				SWIFT_VERSION = 5.0;
				TARGETED_DEVICE_FAMILY = "1,2";
			};
			name = Debug;
		};
		EDF0D4442A3F2FD300B2F98E /* Release */ = {
			isa = XCBuildConfiguration;
			buildSettings = {
				ASSETCATALOG_COMPILER_APPICON_NAME = AppIcon;
				ASSETCATALOG_COMPILER_GLOBAL_ACCENT_COLOR_NAME = AccentColor;
				CODE_SIGN_STYLE = Automatic;
				CURRENT_PROJECT_VERSION = 1;
				DEVELOPMENT_TEAM = 6AB7TG5AU6;
				GENERATE_INFOPLIST_FILE = YES;
				INFOPLIST_FILE = "Detection/Application Layer/Info.plist";
				INFOPLIST_KEY_UIApplicationSupportsIndirectInputEvents = YES;
				INFOPLIST_KEY_UILaunchStoryboardName = LaunchScreen;
				INFOPLIST_KEY_UISupportedInterfaceOrientations_iPad = "UIInterfaceOrientationPortrait UIInterfaceOrientationPortraitUpsideDown UIInterfaceOrientationLandscapeLeft UIInterfaceOrientationLandscapeRight";
				INFOPLIST_KEY_UISupportedInterfaceOrientations_iPhone = "UIInterfaceOrientationPortrait UIInterfaceOrientationLandscapeLeft UIInterfaceOrientationLandscapeRight";
				LD_RUNPATH_SEARCH_PATHS = (
					"$(inherited)",
					"@executable_path/Frameworks",
				);
				MARKETING_VERSION = 1.0;
				PRODUCT_BUNDLE_IDENTIFIER = e1ernal.Detection;
				PRODUCT_NAME = "$(TARGET_NAME)";
				SWIFT_EMIT_LOC_STRINGS = YES;
				SWIFT_VERSION = 5.0;
				TARGETED_DEVICE_FAMILY = "1,2";
			};
			name = Release;
		};
/* End XCBuildConfiguration section */

/* Begin XCConfigurationList section */
		EDF0D4292A3F2FD200B2F98E /* Build configuration list for PBXProject "Detection" */ = {
			isa = XCConfigurationList;
			buildConfigurations = (
				EDF0D4402A3F2FD300B2F98E /* Debug */,
				EDF0D4412A3F2FD300B2F98E /* Release */,
			);
			defaultConfigurationIsVisible = 0;
			defaultConfigurationName = Release;
		};
		EDF0D4422A3F2FD300B2F98E /* Build configuration list for PBXNativeTarget "Detection" */ = {
			isa = XCConfigurationList;
			buildConfigurations = (
				EDF0D4432A3F2FD300B2F98E /* Debug */,
				EDF0D4442A3F2FD300B2F98E /* Release */,
			);
			defaultConfigurationIsVisible = 0;
			defaultConfigurationName = Release;
		};
/* End XCConfigurationList section */
	};
	rootObject = EDF0D4262A3F2FD200B2F98E /* Project object */;
}
