// !$*UTF8*$!
{
	archiveVersion = 1;
	classes = {
	};
	objectVersion = 56;
	objects = {

/* Begin PBXBuildFile section */
		ED12BA5A2C68AD27009635DE /* SettingsSection.swift in Sources */ = {isa = PBXBuildFile; fileRef = ED12BA592C68AD27009635DE /* SettingsSection.swift */; };
		ED12BA5C2C68AE9F009635DE /* SettingsData.swift in Sources */ = {isa = PBXBuildFile; fileRef = ED12BA5B2C68AE9F009635DE /* SettingsData.swift */; };
		ED12BA5F2C68B9EF009635DE /* SettingsCell.swift in Sources */ = {isa = PBXBuildFile; fileRef = ED12BA5E2C68B9EF009635DE /* SettingsCell.swift */; };
		ED12BA612C68C668009635DE /* SettingsView.swift in Sources */ = {isa = PBXBuildFile; fileRef = ED12BA602C68C668009635DE /* SettingsView.swift */; };
		ED14D9362CEDE45E0065C81A /* HowToUseViewController.swift in Sources */ = {isa = PBXBuildFile; fileRef = ED14D9352CEDE4520065C81A /* HowToUseViewController.swift */; };
		ED14D9382CEDE5150065C81A /* HowToUseView.swift in Sources */ = {isa = PBXBuildFile; fileRef = ED14D9372CEDE5130065C81A /* HowToUseView.swift */; };
		ED14D93C2CEDE5EF0065C81A /* HowToUseData.swift in Sources */ = {isa = PBXBuildFile; fileRef = ED14D93B2CEDE5E90065C81A /* HowToUseData.swift */; };
		ED14D93E2CEDE62F0065C81A /* HowToUseSection.swift in Sources */ = {isa = PBXBuildFile; fileRef = ED14D93D2CEDE62C0065C81A /* HowToUseSection.swift */; };
		ED14D9402CEDE6350065C81A /* HowToUseRow.swift in Sources */ = {isa = PBXBuildFile; fileRef = ED14D93F2CEDE6330065C81A /* HowToUseRow.swift */; };
		ED14D9432CEE0FE30065C81A /* RecognizableObjectsViewController.swift in Sources */ = {isa = PBXBuildFile; fileRef = ED14D9422CEE0FDC0065C81A /* RecognizableObjectsViewController.swift */; };
		ED14D9462CEE10290065C81A /* RecognizableObjectsData.swift in Sources */ = {isa = PBXBuildFile; fileRef = ED14D9452CEE10240065C81A /* RecognizableObjectsData.swift */; };
		ED14D9482CEE104B0065C81A /* RecognizableObjectsSection.swift in Sources */ = {isa = PBXBuildFile; fileRef = ED14D9472CEE10450065C81A /* RecognizableObjectsSection.swift */; };
		ED14D94A2CEE10570065C81A /* RecognizableObjectsRow.swift in Sources */ = {isa = PBXBuildFile; fileRef = ED14D9492CEE104F0065C81A /* RecognizableObjectsRow.swift */; };
		ED14D94E2CEE1C5C0065C81A /* RecognizableObjectsCell.swift in Sources */ = {isa = PBXBuildFile; fileRef = ED14D94D2CEE1C4F0065C81A /* RecognizableObjectsCell.swift */; };
		ED14D9512CEE1C960065C81A /* RecognizableObjectsView.swift in Sources */ = {isa = PBXBuildFile; fileRef = ED14D9502CEE1C930065C81A /* RecognizableObjectsView.swift */; };
		ED14D9532CEE1CD20065C81A /* RecognizableObjectView.swift in Sources */ = {isa = PBXBuildFile; fileRef = ED14D9522CEE1CD00065C81A /* RecognizableObjectView.swift */; };
		ED299F1C2CF434D70084C380 /* CGFloat.swift in Sources */ = {isa = PBXBuildFile; fileRef = ED299F1B2CF434D40084C380 /* CGFloat.swift */; };
		ED299F1E2CF4367F0084C380 /* UIFont.swift in Sources */ = {isa = PBXBuildFile; fileRef = ED299F1D2CF4367E0084C380 /* UIFont.swift */; };
		ED2FCD492C6D43630042B905 /* UINavigationItem.swift in Sources */ = {isa = PBXBuildFile; fileRef = ED2FCD482C6D43630042B905 /* UINavigationItem.swift */; };
		ED50BF3B2C6A6B7800EB2FFA /* AboutCell.swift in Sources */ = {isa = PBXBuildFile; fileRef = ED50BF3A2C6A6B7800EB2FFA /* AboutCell.swift */; };
		ED50BF3D2C6A6BEC00EB2FFA /* AboutData.swift in Sources */ = {isa = PBXBuildFile; fileRef = ED50BF3C2C6A6BEC00EB2FFA /* AboutData.swift */; };
		ED50BF3F2C6A6C1300EB2FFA /* AboutSection.swift in Sources */ = {isa = PBXBuildFile; fileRef = ED50BF3E2C6A6C1300EB2FFA /* AboutSection.swift */; };
		ED50BF412C6A6D6700EB2FFA /* AboutView.swift in Sources */ = {isa = PBXBuildFile; fileRef = ED50BF402C6A6D6700EB2FFA /* AboutView.swift */; };
		ED50BF442C6A707400EB2FFA /* DetectionViewController.swift in Sources */ = {isa = PBXBuildFile; fileRef = ED50BF432C6A707400EB2FFA /* DetectionViewController.swift */; };
		ED50BF462C6A742600EB2FFA /* DetectionView.swift in Sources */ = {isa = PBXBuildFile; fileRef = ED50BF452C6A742600EB2FFA /* DetectionView.swift */; };
		ED56A7FE2A489A8300F14173 /* UIViewController.swift in Sources */ = {isa = PBXBuildFile; fileRef = ED56A7FD2A489A8300F14173 /* UIViewController.swift */; };
		ED56A8022A489B4900F14173 /* Array.swift in Sources */ = {isa = PBXBuildFile; fileRef = ED56A8012A489B4900F14173 /* Array.swift */; };
		ED724ACD2CF9D63D003A641D /* FAQViewController.swift in Sources */ = {isa = PBXBuildFile; fileRef = ED724ACC2CF9D634003A641D /* FAQViewController.swift */; };
		ED724AD12CF9D6A1003A641D /* FAQData.swift in Sources */ = {isa = PBXBuildFile; fileRef = ED724AD02CF9D69C003A641D /* FAQData.swift */; };
		ED724AD32CF9D709003A641D /* FAQSection.swift in Sources */ = {isa = PBXBuildFile; fileRef = ED724AD22CF9D704003A641D /* FAQSection.swift */; };
		ED724AD52CF9DA08003A641D /* FAQRowProtocol.swift in Sources */ = {isa = PBXBuildFile; fileRef = ED724AD42CF9DA06003A641D /* FAQRowProtocol.swift */; };
		ED724AD72CF9DC27003A641D /* FAQRowType.swift in Sources */ = {isa = PBXBuildFile; fileRef = ED724AD62CF9DC20003A641D /* FAQRowType.swift */; };
		ED724AD92CF9DCA6003A641D /* FAQRowQuestion.swift in Sources */ = {isa = PBXBuildFile; fileRef = ED724AD82CF9DC9F003A641D /* FAQRowQuestion.swift */; };
		ED724ADB2CF9DD39003A641D /* FAQRowQuestionAnswer.swift in Sources */ = {isa = PBXBuildFile; fileRef = ED724ADA2CF9DD31003A641D /* FAQRowQuestionAnswer.swift */; };
		ED724AE12CF9E1EB003A641D /* FAQQuestionAnswerCell.swift in Sources */ = {isa = PBXBuildFile; fileRef = ED724AE02CF9E1DE003A641D /* FAQQuestionAnswerCell.swift */; };
		ED724AE32CF9E28C003A641D /* FAQView.swift in Sources */ = {isa = PBXBuildFile; fileRef = ED724AE22CF9E289003A641D /* FAQView.swift */; };
		ED8D2A1E2CEF2C4000B3B1F7 /* ObjectDetector.mlmodel in Sources */ = {isa = PBXBuildFile; fileRef = ED8D2A1D2CEF2C4000B3B1F7 /* ObjectDetector.mlmodel */; };
		ED9616CD2C693AD300017628 /* HowToUseCell.swift in Sources */ = {isa = PBXBuildFile; fileRef = ED9616CC2C693AD300017628 /* HowToUseCell.swift */; };
		EDAA41312CF6419000165AA1 /* URL.swift in Sources */ = {isa = PBXBuildFile; fileRef = EDAA41302CF6418D00165AA1 /* URL.swift */; };
		EDAA41332CF6451600165AA1 /* DetectionCallCell.swift in Sources */ = {isa = PBXBuildFile; fileRef = EDAA41322CF6450A00165AA1 /* DetectionCallCell.swift */; };
		EDAA41352CF647BE00165AA1 /* DetectionRowCall.swift in Sources */ = {isa = PBXBuildFile; fileRef = EDAA41342CF647B500165AA1 /* DetectionRowCall.swift */; };
		EDACB8C52C749AB600A8FDB7 /* NSLayoutConstraint.swift in Sources */ = {isa = PBXBuildFile; fileRef = EDACB8C42C749AB600A8FDB7 /* NSLayoutConstraint.swift */; };
		EDBD0B442C68A0D50011E2D2 /* Reusable.swift in Sources */ = {isa = PBXBuildFile; fileRef = EDBD0B432C68A0D50011E2D2 /* Reusable.swift */; };
		EDBD0B462C68A0F40011E2D2 /* TableViewCell.swift in Sources */ = {isa = PBXBuildFile; fileRef = EDBD0B452C68A0F40011E2D2 /* TableViewCell.swift */; };
		EDBD0B482C68A1290011E2D2 /* UITableView+deque.swift in Sources */ = {isa = PBXBuildFile; fileRef = EDBD0B472C68A1290011E2D2 /* UITableView+deque.swift */; };
		EDDFA93F2AA60F2400D332FE /* SettingsViewController.swift in Sources */ = {isa = PBXBuildFile; fileRef = EDDFA93E2AA60F2400D332FE /* SettingsViewController.swift */; };
		EDEBBF132CF03052004B1496 /* DetectionImageCell.swift in Sources */ = {isa = PBXBuildFile; fileRef = EDEBBF122CF03047004B1496 /* DetectionImageCell.swift */; };
		EDEBBF162CF0368F004B1496 /* DetectionData.swift in Sources */ = {isa = PBXBuildFile; fileRef = EDEBBF152CF03685004B1496 /* DetectionData.swift */; };
		EDEBBF182CF03723004B1496 /* DetectionSection.swift in Sources */ = {isa = PBXBuildFile; fileRef = EDEBBF172CF03722004B1496 /* DetectionSection.swift */; };
		EDEBBF1A2CF03E90004B1496 /* DetectionRowProtocol.swift in Sources */ = {isa = PBXBuildFile; fileRef = EDEBBF192CF03E8C004B1496 /* DetectionRowProtocol.swift */; };
		EDEBBF1C2CF03F22004B1496 /* DetectionRowType.swift in Sources */ = {isa = PBXBuildFile; fileRef = EDEBBF1B2CF03F19004B1496 /* DetectionRowType.swift */; };
		EDEBBF1E2CF03F45004B1496 /* DetectionRowImage.swift in Sources */ = {isa = PBXBuildFile; fileRef = EDEBBF1D2CF03F3E004B1496 /* DetectionRowImage.swift */; };
		EDEBBF202CF03F8E004B1496 /* DetectionRowRecommendation.swift in Sources */ = {isa = PBXBuildFile; fileRef = EDEBBF1F2CF03F84004B1496 /* DetectionRowRecommendation.swift */; };
		EDEBBF222CF03FDF004B1496 /* DetectionRowSign.swift in Sources */ = {isa = PBXBuildFile; fileRef = EDEBBF212CF03FD8004B1496 /* DetectionRowSign.swift */; };
		EDEBBF242CF041C2004B1496 /* Detection.swift in Sources */ = {isa = PBXBuildFile; fileRef = EDEBBF232CF041BC004B1496 /* Detection.swift */; };
		EDEBBF262CF07DE2004B1496 /* DetectionSignCell.swift in Sources */ = {isa = PBXBuildFile; fileRef = EDEBBF252CF07DD1004B1496 /* DetectionSignCell.swift */; };
		EDEBBF282CF085B2004B1496 /* Sign.swift in Sources */ = {isa = PBXBuildFile; fileRef = EDEBBF272CF085A5004B1496 /* Sign.swift */; };
		EDEBBF2A2CF086BE004B1496 /* SignData.swift in Sources */ = {isa = PBXBuildFile; fileRef = EDEBBF292CF086B7004B1496 /* SignData.swift */; };
		EDF0D4322A3F2FD200B2F98E /* AppDelegate.swift in Sources */ = {isa = PBXBuildFile; fileRef = EDF0D4312A3F2FD200B2F98E /* AppDelegate.swift */; };
		EDF0D43B2A3F2FD300B2F98E /* Assets.xcassets in Resources */ = {isa = PBXBuildFile; fileRef = EDF0D43A2A3F2FD300B2F98E /* Assets.xcassets */; };
		EDF0D44F2A3F797D00B2F98E /* AboutViewController.swift in Sources */ = {isa = PBXBuildFile; fileRef = EDF0D44E2A3F797D00B2F98E /* AboutViewController.swift */; };
		EDF3D8282A40881700507283 /* Draw.swift in Sources */ = {isa = PBXBuildFile; fileRef = EDF3D8272A40881700507283 /* Draw.swift */; };
/* End PBXBuildFile section */

/* Begin PBXFileReference section */
		ED12BA592C68AD27009635DE /* SettingsSection.swift */ = {isa = PBXFileReference; lastKnownFileType = sourcecode.swift; path = SettingsSection.swift; sourceTree = "<group>"; };
		ED12BA5B2C68AE9F009635DE /* SettingsData.swift */ = {isa = PBXFileReference; lastKnownFileType = sourcecode.swift; path = SettingsData.swift; sourceTree = "<group>"; };
		ED12BA5E2C68B9EF009635DE /* SettingsCell.swift */ = {isa = PBXFileReference; lastKnownFileType = sourcecode.swift; path = SettingsCell.swift; sourceTree = "<group>"; };
		ED12BA602C68C668009635DE /* SettingsView.swift */ = {isa = PBXFileReference; lastKnownFileType = sourcecode.swift; path = SettingsView.swift; sourceTree = "<group>"; };
		ED14D9352CEDE4520065C81A /* HowToUseViewController.swift */ = {isa = PBXFileReference; lastKnownFileType = sourcecode.swift; path = HowToUseViewController.swift; sourceTree = "<group>"; };
		ED14D9372CEDE5130065C81A /* HowToUseView.swift */ = {isa = PBXFileReference; lastKnownFileType = sourcecode.swift; path = HowToUseView.swift; sourceTree = "<group>"; };
		ED14D93B2CEDE5E90065C81A /* HowToUseData.swift */ = {isa = PBXFileReference; lastKnownFileType = sourcecode.swift; path = HowToUseData.swift; sourceTree = "<group>"; };
		ED14D93D2CEDE62C0065C81A /* HowToUseSection.swift */ = {isa = PBXFileReference; lastKnownFileType = sourcecode.swift; path = HowToUseSection.swift; sourceTree = "<group>"; };
		ED14D93F2CEDE6330065C81A /* HowToUseRow.swift */ = {isa = PBXFileReference; lastKnownFileType = sourcecode.swift; path = HowToUseRow.swift; sourceTree = "<group>"; };
		ED14D9422CEE0FDC0065C81A /* RecognizableObjectsViewController.swift */ = {isa = PBXFileReference; lastKnownFileType = sourcecode.swift; path = RecognizableObjectsViewController.swift; sourceTree = "<group>"; };
		ED14D9452CEE10240065C81A /* RecognizableObjectsData.swift */ = {isa = PBXFileReference; lastKnownFileType = sourcecode.swift; path = RecognizableObjectsData.swift; sourceTree = "<group>"; };
		ED14D9472CEE10450065C81A /* RecognizableObjectsSection.swift */ = {isa = PBXFileReference; lastKnownFileType = sourcecode.swift; path = RecognizableObjectsSection.swift; sourceTree = "<group>"; };
		ED14D9492CEE104F0065C81A /* RecognizableObjectsRow.swift */ = {isa = PBXFileReference; lastKnownFileType = sourcecode.swift; path = RecognizableObjectsRow.swift; sourceTree = "<group>"; };
		ED14D94D2CEE1C4F0065C81A /* RecognizableObjectsCell.swift */ = {isa = PBXFileReference; lastKnownFileType = sourcecode.swift; path = RecognizableObjectsCell.swift; sourceTree = "<group>"; };
		ED14D9502CEE1C930065C81A /* RecognizableObjectsView.swift */ = {isa = PBXFileReference; lastKnownFileType = sourcecode.swift; path = RecognizableObjectsView.swift; sourceTree = "<group>"; };
		ED14D9522CEE1CD00065C81A /* RecognizableObjectView.swift */ = {isa = PBXFileReference; lastKnownFileType = sourcecode.swift; path = RecognizableObjectView.swift; sourceTree = "<group>"; };
		ED299F1B2CF434D40084C380 /* CGFloat.swift */ = {isa = PBXFileReference; lastKnownFileType = sourcecode.swift; path = CGFloat.swift; sourceTree = "<group>"; };
		ED299F1D2CF4367E0084C380 /* UIFont.swift */ = {isa = PBXFileReference; lastKnownFileType = sourcecode.swift; path = UIFont.swift; sourceTree = "<group>"; };
		ED2FCD482C6D43630042B905 /* UINavigationItem.swift */ = {isa = PBXFileReference; lastKnownFileType = sourcecode.swift; path = UINavigationItem.swift; sourceTree = "<group>"; };
		ED50BF3A2C6A6B7800EB2FFA /* AboutCell.swift */ = {isa = PBXFileReference; lastKnownFileType = sourcecode.swift; path = AboutCell.swift; sourceTree = "<group>"; };
		ED50BF3C2C6A6BEC00EB2FFA /* AboutData.swift */ = {isa = PBXFileReference; lastKnownFileType = sourcecode.swift; path = AboutData.swift; sourceTree = "<group>"; };
		ED50BF3E2C6A6C1300EB2FFA /* AboutSection.swift */ = {isa = PBXFileReference; lastKnownFileType = sourcecode.swift; path = AboutSection.swift; sourceTree = "<group>"; };
		ED50BF402C6A6D6700EB2FFA /* AboutView.swift */ = {isa = PBXFileReference; lastKnownFileType = sourcecode.swift; path = AboutView.swift; sourceTree = "<group>"; };
		ED50BF432C6A707400EB2FFA /* DetectionViewController.swift */ = {isa = PBXFileReference; lastKnownFileType = sourcecode.swift; path = DetectionViewController.swift; sourceTree = "<group>"; };
		ED50BF452C6A742600EB2FFA /* DetectionView.swift */ = {isa = PBXFileReference; lastKnownFileType = sourcecode.swift; path = DetectionView.swift; sourceTree = "<group>"; };
		ED56A7FD2A489A8300F14173 /* UIViewController.swift */ = {isa = PBXFileReference; lastKnownFileType = sourcecode.swift; path = UIViewController.swift; sourceTree = "<group>"; };
		ED56A8012A489B4900F14173 /* Array.swift */ = {isa = PBXFileReference; lastKnownFileType = sourcecode.swift; path = Array.swift; sourceTree = "<group>"; };
		ED724ACC2CF9D634003A641D /* FAQViewController.swift */ = {isa = PBXFileReference; lastKnownFileType = sourcecode.swift; path = FAQViewController.swift; sourceTree = "<group>"; };
		ED724AD02CF9D69C003A641D /* FAQData.swift */ = {isa = PBXFileReference; lastKnownFileType = sourcecode.swift; path = FAQData.swift; sourceTree = "<group>"; };
		ED724AD22CF9D704003A641D /* FAQSection.swift */ = {isa = PBXFileReference; lastKnownFileType = sourcecode.swift; path = FAQSection.swift; sourceTree = "<group>"; };
		ED724AD42CF9DA06003A641D /* FAQRowProtocol.swift */ = {isa = PBXFileReference; lastKnownFileType = sourcecode.swift; path = FAQRowProtocol.swift; sourceTree = "<group>"; };
		ED724AD62CF9DC20003A641D /* FAQRowType.swift */ = {isa = PBXFileReference; lastKnownFileType = sourcecode.swift; path = FAQRowType.swift; sourceTree = "<group>"; };
		ED724AD82CF9DC9F003A641D /* FAQRowQuestion.swift */ = {isa = PBXFileReference; lastKnownFileType = sourcecode.swift; path = FAQRowQuestion.swift; sourceTree = "<group>"; };
		ED724ADA2CF9DD31003A641D /* FAQRowQuestionAnswer.swift */ = {isa = PBXFileReference; lastKnownFileType = sourcecode.swift; path = FAQRowQuestionAnswer.swift; sourceTree = "<group>"; };
		ED724AE02CF9E1DE003A641D /* FAQQuestionAnswerCell.swift */ = {isa = PBXFileReference; lastKnownFileType = sourcecode.swift; path = FAQQuestionAnswerCell.swift; sourceTree = "<group>"; };
		ED724AE22CF9E289003A641D /* FAQView.swift */ = {isa = PBXFileReference; lastKnownFileType = sourcecode.swift; path = FAQView.swift; sourceTree = "<group>"; };
		ED8D2A1D2CEF2C4000B3B1F7 /* ObjectDetector.mlmodel */ = {isa = PBXFileReference; lastKnownFileType = file.mlmodel; path = ObjectDetector.mlmodel; sourceTree = "<group>"; };
		ED9616CC2C693AD300017628 /* HowToUseCell.swift */ = {isa = PBXFileReference; lastKnownFileType = sourcecode.swift; path = HowToUseCell.swift; sourceTree = "<group>"; };
		EDAA41302CF6418D00165AA1 /* URL.swift */ = {isa = PBXFileReference; lastKnownFileType = sourcecode.swift; path = URL.swift; sourceTree = "<group>"; };
		EDAA41322CF6450A00165AA1 /* DetectionCallCell.swift */ = {isa = PBXFileReference; lastKnownFileType = sourcecode.swift; path = DetectionCallCell.swift; sourceTree = "<group>"; };
		EDAA41342CF647B500165AA1 /* DetectionRowCall.swift */ = {isa = PBXFileReference; lastKnownFileType = sourcecode.swift; path = DetectionRowCall.swift; sourceTree = "<group>"; };
		EDACB8C42C749AB600A8FDB7 /* NSLayoutConstraint.swift */ = {isa = PBXFileReference; lastKnownFileType = sourcecode.swift; path = NSLayoutConstraint.swift; sourceTree = "<group>"; };
		EDBD0B432C68A0D50011E2D2 /* Reusable.swift */ = {isa = PBXFileReference; lastKnownFileType = sourcecode.swift; path = Reusable.swift; sourceTree = "<group>"; };
		EDBD0B452C68A0F40011E2D2 /* TableViewCell.swift */ = {isa = PBXFileReference; lastKnownFileType = sourcecode.swift; path = TableViewCell.swift; sourceTree = "<group>"; };
		EDBD0B472C68A1290011E2D2 /* UITableView+deque.swift */ = {isa = PBXFileReference; lastKnownFileType = sourcecode.swift; path = "UITableView+deque.swift"; sourceTree = "<group>"; };
		EDDFA93E2AA60F2400D332FE /* SettingsViewController.swift */ = {isa = PBXFileReference; lastKnownFileType = sourcecode.swift; path = SettingsViewController.swift; sourceTree = "<group>"; };
		EDEBBF122CF03047004B1496 /* DetectionImageCell.swift */ = {isa = PBXFileReference; lastKnownFileType = sourcecode.swift; path = DetectionImageCell.swift; sourceTree = "<group>"; };
		EDEBBF152CF03685004B1496 /* DetectionData.swift */ = {isa = PBXFileReference; lastKnownFileType = sourcecode.swift; path = DetectionData.swift; sourceTree = "<group>"; };
		EDEBBF172CF03722004B1496 /* DetectionSection.swift */ = {isa = PBXFileReference; lastKnownFileType = sourcecode.swift; path = DetectionSection.swift; sourceTree = "<group>"; };
		EDEBBF192CF03E8C004B1496 /* DetectionRowProtocol.swift */ = {isa = PBXFileReference; lastKnownFileType = sourcecode.swift; path = DetectionRowProtocol.swift; sourceTree = "<group>"; };
		EDEBBF1B2CF03F19004B1496 /* DetectionRowType.swift */ = {isa = PBXFileReference; lastKnownFileType = sourcecode.swift; path = DetectionRowType.swift; sourceTree = "<group>"; };
		EDEBBF1D2CF03F3E004B1496 /* DetectionRowImage.swift */ = {isa = PBXFileReference; lastKnownFileType = sourcecode.swift; path = DetectionRowImage.swift; sourceTree = "<group>"; };
		EDEBBF1F2CF03F84004B1496 /* DetectionRowRecommendation.swift */ = {isa = PBXFileReference; lastKnownFileType = sourcecode.swift; path = DetectionRowRecommendation.swift; sourceTree = "<group>"; };
		EDEBBF212CF03FD8004B1496 /* DetectionRowSign.swift */ = {isa = PBXFileReference; lastKnownFileType = sourcecode.swift; path = DetectionRowSign.swift; sourceTree = "<group>"; };
		EDEBBF232CF041BC004B1496 /* Detection.swift */ = {isa = PBXFileReference; lastKnownFileType = sourcecode.swift; path = Detection.swift; sourceTree = "<group>"; };
		EDEBBF252CF07DD1004B1496 /* DetectionSignCell.swift */ = {isa = PBXFileReference; lastKnownFileType = sourcecode.swift; path = DetectionSignCell.swift; sourceTree = "<group>"; };
		EDEBBF272CF085A5004B1496 /* Sign.swift */ = {isa = PBXFileReference; lastKnownFileType = sourcecode.swift; path = Sign.swift; sourceTree = "<group>"; };
		EDEBBF292CF086B7004B1496 /* SignData.swift */ = {isa = PBXFileReference; lastKnownFileType = sourcecode.swift; path = SignData.swift; sourceTree = "<group>"; };
		EDF0D42E2A3F2FD200B2F98E /* Detection.app */ = {isa = PBXFileReference; explicitFileType = wrapper.application; includeInIndex = 0; path = Detection.app; sourceTree = BUILT_PRODUCTS_DIR; };
		EDF0D4312A3F2FD200B2F98E /* AppDelegate.swift */ = {isa = PBXFileReference; lastKnownFileType = sourcecode.swift; path = AppDelegate.swift; sourceTree = "<group>"; };
		EDF0D43A2A3F2FD300B2F98E /* Assets.xcassets */ = {isa = PBXFileReference; lastKnownFileType = folder.assetcatalog; path = Assets.xcassets; sourceTree = "<group>"; };
		EDF0D43F2A3F2FD300B2F98E /* Info.plist */ = {isa = PBXFileReference; lastKnownFileType = text.plist.xml; path = Info.plist; sourceTree = "<group>"; };
		EDF0D44E2A3F797D00B2F98E /* AboutViewController.swift */ = {isa = PBXFileReference; lastKnownFileType = sourcecode.swift; path = AboutViewController.swift; sourceTree = "<group>"; };
		EDF3D8272A40881700507283 /* Draw.swift */ = {isa = PBXFileReference; lastKnownFileType = sourcecode.swift; path = Draw.swift; sourceTree = "<group>"; };
/* End PBXFileReference section */

/* Begin PBXFrameworksBuildPhase section */
		EDF0D42B2A3F2FD200B2F98E /* Frameworks */ = {
			isa = PBXFrameworksBuildPhase;
			buildActionMask = 2147483647;
			files = (
			);
			runOnlyForDeploymentPostprocessing = 0;
		};
/* End PBXFrameworksBuildPhase section */

/* Begin PBXGroup section */
		ED12BA572C68A58E009635DE /* Models */ = {
			isa = PBXGroup;
			children = (
				ED50BF3C2C6A6BEC00EB2FFA /* AboutData.swift */,
				ED50BF3E2C6A6C1300EB2FFA /* AboutSection.swift */,
			);
			path = Models;
			sourceTree = "<group>";
		};
		ED12BA582C68A5B0009635DE /* Models */ = {
			isa = PBXGroup;
			children = (
				ED12BA592C68AD27009635DE /* SettingsSection.swift */,
				ED12BA5B2C68AE9F009635DE /* SettingsData.swift */,
			);
			path = Models;
			sourceTree = "<group>";
		};
		ED12BA5D2C68B9D8009635DE /* Cells */ = {
			isa = PBXGroup;
			children = (
				ED12BA5E2C68B9EF009635DE /* SettingsCell.swift */,
			);
			path = Cells;
			sourceTree = "<group>";
		};
		ED14D9332CEDE43B0065C81A /* FAQ */ = {
			isa = PBXGroup;
			children = (
				ED724ACC2CF9D634003A641D /* FAQViewController.swift */,
				ED724ACE2CF9D676003A641D /* View */,
				ED724ACF2CF9D67B003A641D /* Models */,
			);
			path = FAQ;
			sourceTree = "<group>";
		};
		ED14D9342CEDE4460065C81A /* HowToUse */ = {
			isa = PBXGroup;
			children = (
				ED14D9352CEDE4520065C81A /* HowToUseViewController.swift */,
				ED14D9552CEE21FE0065C81A /* Views */,
				ED14D93A2CEDE5DF0065C81A /* Models */,
			);
			path = HowToUse;
			sourceTree = "<group>";
		};
		ED14D9392CEDE58D0065C81A /* Cells */ = {
			isa = PBXGroup;
			children = (
				ED9616CC2C693AD300017628 /* HowToUseCell.swift */,
			);
			path = Cells;
			sourceTree = "<group>";
		};
		ED14D93A2CEDE5DF0065C81A /* Models */ = {
			isa = PBXGroup;
			children = (
				ED14D93F2CEDE6330065C81A /* HowToUseRow.swift */,
				ED14D93D2CEDE62C0065C81A /* HowToUseSection.swift */,
				ED14D93B2CEDE5E90065C81A /* HowToUseData.swift */,
			);
			path = Models;
			sourceTree = "<group>";
		};
		ED14D9412CEE0F940065C81A /* RecognizableObjects */ = {
			isa = PBXGroup;
			children = (
				ED14D9422CEE0FDC0065C81A /* RecognizableObjectsViewController.swift */,
				ED14D9542CEE21E60065C81A /* Views */,
				ED14D9442CEE101C0065C81A /* Models */,
			);
			path = RecognizableObjects;
			sourceTree = "<group>";
		};
		ED14D9442CEE101C0065C81A /* Models */ = {
			isa = PBXGroup;
			children = (
				ED14D9492CEE104F0065C81A /* RecognizableObjectsRow.swift */,
				ED14D9472CEE10450065C81A /* RecognizableObjectsSection.swift */,
				ED14D9452CEE10240065C81A /* RecognizableObjectsData.swift */,
			);
			path = Models;
			sourceTree = "<group>";
		};
		ED14D94B2CEE1C2F0065C81A /* Cells */ = {
			isa = PBXGroup;
			children = (
				ED14D94D2CEE1C4F0065C81A /* RecognizableObjectsCell.swift */,
			);
			path = Cells;
			sourceTree = "<group>";
		};
		ED14D9542CEE21E60065C81A /* Views */ = {
			isa = PBXGroup;
			children = (
				ED14D9502CEE1C930065C81A /* RecognizableObjectsView.swift */,
				ED14D9522CEE1CD00065C81A /* RecognizableObjectView.swift */,
				ED14D94B2CEE1C2F0065C81A /* Cells */,
			);
			path = Views;
			sourceTree = "<group>";
		};
		ED14D9552CEE21FE0065C81A /* Views */ = {
			isa = PBXGroup;
			children = (
				ED14D9372CEDE5130065C81A /* HowToUseView.swift */,
				ED14D9392CEDE58D0065C81A /* Cells */,
			);
			path = Views;
			sourceTree = "<group>";
		};
		ED14D9562CEE222E0065C81A /* Views */ = {
			isa = PBXGroup;
			children = (
				ED50BF452C6A742600EB2FFA /* DetectionView.swift */,
				EDEBBF112CF0302F004B1496 /* Cells */,
			);
			path = Views;
			sourceTree = "<group>";
		};
		ED14D9572CEE22490065C81A /* Views */ = {
			isa = PBXGroup;
			children = (
				ED12BA602C68C668009635DE /* SettingsView.swift */,
				ED12BA5D2C68B9D8009635DE /* Cells */,
			);
			path = Views;
			sourceTree = "<group>";
		};
		ED14D9582CEE225C0065C81A /* Views */ = {
			isa = PBXGroup;
			children = (
				ED50BF402C6A6D6700EB2FFA /* AboutView.swift */,
				ED50BF392C6A6B5200EB2FFA /* Cells */,
			);
			path = Views;
			sourceTree = "<group>";
		};
		ED4CFBFE2C736CD6004556E1 /* MLModel */ = {
			isa = PBXGroup;
			children = (
				EDEBBF292CF086B7004B1496 /* SignData.swift */,
				EDEBBF272CF085A5004B1496 /* Sign.swift */,
				ED8D2A1D2CEF2C4000B3B1F7 /* ObjectDetector.mlmodel */,
			);
			path = MLModel;
			sourceTree = "<group>";
		};
		ED50BF392C6A6B5200EB2FFA /* Cells */ = {
			isa = PBXGroup;
			children = (
				ED50BF3A2C6A6B7800EB2FFA /* AboutCell.swift */,
			);
			path = Cells;
			sourceTree = "<group>";
		};
		ED50BF422C6A706200EB2FFA /* Detection */ = {
			isa = PBXGroup;
			children = (
				EDEBBF232CF041BC004B1496 /* Detection.swift */,
				ED50BF432C6A707400EB2FFA /* DetectionViewController.swift */,
				ED14D9562CEE222E0065C81A /* Views */,
				EDEBBF142CF035BD004B1496 /* Models */,
				ED4CFBFE2C736CD6004556E1 /* MLModel */,
			);
			path = Detection;
			sourceTree = "<group>";
		};
		ED56A7FB2A489A4600F14173 /* About */ = {
			isa = PBXGroup;
			children = (
				EDF0D44E2A3F797D00B2F98E /* AboutViewController.swift */,
				ED14D9582CEE225C0065C81A /* Views */,
				ED12BA572C68A58E009635DE /* Models */,
			);
			path = About;
			sourceTree = "<group>";
		};
		ED724ACE2CF9D676003A641D /* View */ = {
			isa = PBXGroup;
			children = (
				ED724AE22CF9E289003A641D /* FAQView.swift */,
				ED724ADF2CF9E1D8003A641D /* Cells */,
			);
			path = View;
			sourceTree = "<group>";
		};
		ED724ACF2CF9D67B003A641D /* Models */ = {
			isa = PBXGroup;
			children = (
				ED724ADE2CF9DD8D003A641D /* Row Types */,
				ED724AD62CF9DC20003A641D /* FAQRowType.swift */,
				ED724AD42CF9DA06003A641D /* FAQRowProtocol.swift */,
				ED724AD22CF9D704003A641D /* FAQSection.swift */,
				ED724AD02CF9D69C003A641D /* FAQData.swift */,
			);
			path = Models;
			sourceTree = "<group>";
		};
		ED724ADD2CF9DD78003A641D /* Row Types */ = {
			isa = PBXGroup;
			children = (
				EDAA41342CF647B500165AA1 /* DetectionRowCall.swift */,
				EDEBBF212CF03FD8004B1496 /* DetectionRowSign.swift */,
				EDEBBF1F2CF03F84004B1496 /* DetectionRowRecommendation.swift */,
				EDEBBF1D2CF03F3E004B1496 /* DetectionRowImage.swift */,
			);
			path = "Row Types";
			sourceTree = "<group>";
		};
		ED724ADE2CF9DD8D003A641D /* Row Types */ = {
			isa = PBXGroup;
			children = (
				ED724ADA2CF9DD31003A641D /* FAQRowQuestionAnswer.swift */,
				ED724AD82CF9DC9F003A641D /* FAQRowQuestion.swift */,
			);
			path = "Row Types";
			sourceTree = "<group>";
		};
		ED724ADF2CF9E1D8003A641D /* Cells */ = {
			isa = PBXGroup;
			children = (
				ED724AE02CF9E1DE003A641D /* FAQQuestionAnswerCell.swift */,
			);
			path = Cells;
			sourceTree = "<group>";
		};
		EDBD0B3F2C689E170011E2D2 /* Application Layer */ = {
			isa = PBXGroup;
			children = (
				EDF0D4312A3F2FD200B2F98E /* AppDelegate.swift */,
				EDF0D43A2A3F2FD300B2F98E /* Assets.xcassets */,
				EDF0D43F2A3F2FD300B2F98E /* Info.plist */,
			);
			path = "Application Layer";
			sourceTree = "<group>";
		};
		EDBD0B402C68A0880011E2D2 /* Presentation Layer */ = {
			isa = PBXGroup;
			children = (
				EDBD0B422C68A0A90011E2D2 /* Components */,
				EDBD0B412C68A09C0011E2D2 /* User Stories */,
			);
			path = "Presentation Layer";
			sourceTree = "<group>";
		};
		EDBD0B412C68A09C0011E2D2 /* User Stories */ = {
			isa = PBXGroup;
			children = (
				ED50BF422C6A706200EB2FFA /* Detection */,
				EDDFA93D2AA60F1100D332FE /* Settings */,
				ED14D9332CEDE43B0065C81A /* FAQ */,
				ED14D9412CEE0F940065C81A /* RecognizableObjects */,
				ED14D9342CEDE4460065C81A /* HowToUse */,
				ED56A7FB2A489A4600F14173 /* About */,
			);
			path = "User Stories";
			sourceTree = "<group>";
		};
		EDBD0B422C68A0A90011E2D2 /* Components */ = {
			isa = PBXGroup;
			children = (
				EDBD0B432C68A0D50011E2D2 /* Reusable.swift */,
				EDBD0B452C68A0F40011E2D2 /* TableViewCell.swift */,
				EDBD0B472C68A1290011E2D2 /* UITableView+deque.swift */,
			);
			path = Components;
			sourceTree = "<group>";
		};
		EDDFA93D2AA60F1100D332FE /* Settings */ = {
			isa = PBXGroup;
			children = (
				EDDFA93E2AA60F2400D332FE /* SettingsViewController.swift */,
				ED14D9572CEE22490065C81A /* Views */,
				ED12BA582C68A5B0009635DE /* Models */,
			);
			path = Settings;
			sourceTree = "<group>";
		};
		EDEBBF112CF0302F004B1496 /* Cells */ = {
			isa = PBXGroup;
			children = (
				EDAA41322CF6450A00165AA1 /* DetectionCallCell.swift */,
				EDEBBF252CF07DD1004B1496 /* DetectionSignCell.swift */,
				EDEBBF122CF03047004B1496 /* DetectionImageCell.swift */,
			);
			path = Cells;
			sourceTree = "<group>";
		};
		EDEBBF142CF035BD004B1496 /* Models */ = {
			isa = PBXGroup;
			children = (
				ED724ADD2CF9DD78003A641D /* Row Types */,
				EDEBBF1B2CF03F19004B1496 /* DetectionRowType.swift */,
				EDEBBF192CF03E8C004B1496 /* DetectionRowProtocol.swift */,
				EDEBBF172CF03722004B1496 /* DetectionSection.swift */,
				EDEBBF152CF03685004B1496 /* DetectionData.swift */,
			);
			path = Models;
			sourceTree = "<group>";
		};
		EDF0D4252A3F2FD200B2F98E = {
			isa = PBXGroup;
			children = (
				EDF0D4302A3F2FD200B2F98E /* Detection */,
				EDF0D42F2A3F2FD200B2F98E /* Products */,
			);
			sourceTree = "<group>";
		};
		EDF0D42F2A3F2FD200B2F98E /* Products */ = {
			isa = PBXGroup;
			children = (
				EDF0D42E2A3F2FD200B2F98E /* Detection.app */,
			);
			name = Products;
			sourceTree = "<group>";
		};
		EDF0D4302A3F2FD200B2F98E /* Detection */ = {
			isa = PBXGroup;
			children = (
				EDBD0B3F2C689E170011E2D2 /* Application Layer */,
				EDBD0B402C68A0880011E2D2 /* Presentation Layer */,
				EDF3D8182A4084C600507283 /* Extensions */,
			);
			path = Detection;
			sourceTree = "<group>";
		};
		EDF3D8182A4084C600507283 /* Extensions */ = {
			isa = PBXGroup;
			children = (
				EDAA41302CF6418D00165AA1 /* URL.swift */,
				ED299F1D2CF4367E0084C380 /* UIFont.swift */,
				ED299F1B2CF434D40084C380 /* CGFloat.swift */,
				ED56A8012A489B4900F14173 /* Array.swift */,
				EDF3D8272A40881700507283 /* Draw.swift */,
				ED56A7FD2A489A8300F14173 /* UIViewController.swift */,
				ED2FCD482C6D43630042B905 /* UINavigationItem.swift */,
				EDACB8C42C749AB600A8FDB7 /* NSLayoutConstraint.swift */,
			);
			path = Extensions;
			sourceTree = "<group>";
		};
/* End PBXGroup section */

/* Begin PBXNativeTarget section */
		EDF0D42D2A3F2FD200B2F98E /* Detection */ = {
			isa = PBXNativeTarget;
			buildConfigurationList = EDF0D4422A3F2FD300B2F98E /* Build configuration list for PBXNativeTarget "Detection" */;
			buildPhases = (
				EDF0D42A2A3F2FD200B2F98E /* Sources */,
				EDF0D42B2A3F2FD200B2F98E /* Frameworks */,
				EDF0D42C2A3F2FD200B2F98E /* Resources */,
			);
			buildRules = (
			);
			dependencies = (
			);
			name = Detection;
			productName = RoadSignDetection;
			productReference = EDF0D42E2A3F2FD200B2F98E /* Detection.app */;
			productType = "com.apple.product-type.application";
		};
/* End PBXNativeTarget section */

/* Begin PBXProject section */
		EDF0D4262A3F2FD200B2F98E /* Project object */ = {
			isa = PBXProject;
			attributes = {
				BuildIndependentTargetsInParallel = 1;
				LastSwiftUpdateCheck = 1430;
				LastUpgradeCheck = 1540;
				TargetAttributes = {
					EDF0D42D2A3F2FD200B2F98E = {
						CreatedOnToolsVersion = 14.3.1;
					};
				};
			};
			buildConfigurationList = EDF0D4292A3F2FD200B2F98E /* Build configuration list for PBXProject "Detection" */;
			compatibilityVersion = "Xcode 14.0";
			developmentRegion = en;
			hasScannedForEncodings = 0;
			knownRegions = (
				en,
				Base,
			);
			mainGroup = EDF0D4252A3F2FD200B2F98E;
			productRefGroup = EDF0D42F2A3F2FD200B2F98E /* Products */;
			projectDirPath = "";
			projectRoot = "";
			targets = (
				EDF0D42D2A3F2FD200B2F98E /* Detection */,
			);
		};
/* End PBXProject section */

/* Begin PBXResourcesBuildPhase section */
		EDF0D42C2A3F2FD200B2F98E /* Resources */ = {
			isa = PBXResourcesBuildPhase;
			buildActionMask = 2147483647;
			files = (
				EDF0D43B2A3F2FD300B2F98E /* Assets.xcassets in Resources */,
			);
			runOnlyForDeploymentPostprocessing = 0;
		};
/* End PBXResourcesBuildPhase section */

/* Begin PBXSourcesBuildPhase section */
		EDF0D42A2A3F2FD200B2F98E /* Sources */ = {
			isa = PBXSourcesBuildPhase;
			buildActionMask = 2147483647;
			files = (
				EDEBBF262CF07DE2004B1496 /* DetectionSignCell.swift in Sources */,
				EDF0D44F2A3F797D00B2F98E /* AboutViewController.swift in Sources */,
				EDF3D8282A40881700507283 /* Draw.swift in Sources */,
				EDBD0B462C68A0F40011E2D2 /* TableViewCell.swift in Sources */,
				ED14D9402CEDE6350065C81A /* HowToUseRow.swift in Sources */,
				ED724ADB2CF9DD39003A641D /* FAQRowQuestionAnswer.swift in Sources */,
				ED724AE12CF9E1EB003A641D /* FAQQuestionAnswerCell.swift in Sources */,
				ED14D9482CEE104B0065C81A /* RecognizableObjectsSection.swift in Sources */,
				ED14D9462CEE10290065C81A /* RecognizableObjectsData.swift in Sources */,
				ED56A7FE2A489A8300F14173 /* UIViewController.swift in Sources */,
				ED14D94E2CEE1C5C0065C81A /* RecognizableObjectsCell.swift in Sources */,
				EDEBBF1E2CF03F45004B1496 /* DetectionRowImage.swift in Sources */,
				ED50BF442C6A707400EB2FFA /* DetectionViewController.swift in Sources */,
				ED14D9512CEE1C960065C81A /* RecognizableObjectsView.swift in Sources */,
				ED724AD12CF9D6A1003A641D /* FAQData.swift in Sources */,
				ED724AD32CF9D709003A641D /* FAQSection.swift in Sources */,
				EDEBBF202CF03F8E004B1496 /* DetectionRowRecommendation.swift in Sources */,
				ED724ACD2CF9D63D003A641D /* FAQViewController.swift in Sources */,
				EDEBBF1C2CF03F22004B1496 /* DetectionRowType.swift in Sources */,
				EDEBBF162CF0368F004B1496 /* DetectionData.swift in Sources */,
				EDAA41312CF6419000165AA1 /* URL.swift in Sources */,
				EDAA41352CF647BE00165AA1 /* DetectionRowCall.swift in Sources */,
				EDACB8C52C749AB600A8FDB7 /* NSLayoutConstraint.swift in Sources */,
				EDEBBF1A2CF03E90004B1496 /* DetectionRowProtocol.swift in Sources */,
				ED14D93C2CEDE5EF0065C81A /* HowToUseData.swift in Sources */,
				EDBD0B442C68A0D50011E2D2 /* Reusable.swift in Sources */,
				ED14D9362CEDE45E0065C81A /* HowToUseViewController.swift in Sources */,
				EDEBBF282CF085B2004B1496 /* Sign.swift in Sources */,
				EDAA41332CF6451600165AA1 /* DetectionCallCell.swift in Sources */,
				ED8D2A1E2CEF2C4000B3B1F7 /* ObjectDetector.mlmodel in Sources */,
				ED2FCD492C6D43630042B905 /* UINavigationItem.swift in Sources */,
				EDEBBF242CF041C2004B1496 /* Detection.swift in Sources */,
				ED299F1E2CF4367F0084C380 /* UIFont.swift in Sources */,
				ED299F1C2CF434D70084C380 /* CGFloat.swift in Sources */,
				ED56A8022A489B4900F14173 /* Array.swift in Sources */,
				ED724AD52CF9DA08003A641D /* FAQRowProtocol.swift in Sources */,
				ED724AE32CF9E28C003A641D /* FAQView.swift in Sources */,
				ED724AD72CF9DC27003A641D /* FAQRowType.swift in Sources */,
				EDF0D4322A3F2FD200B2F98E /* AppDelegate.swift in Sources */,
				ED12BA5C2C68AE9F009635DE /* SettingsData.swift in Sources */,
				ED50BF462C6A742600EB2FFA /* DetectionView.swift in Sources */,
				EDEBBF182CF03723004B1496 /* DetectionSection.swift in Sources */,
				EDBD0B482C68A1290011E2D2 /* UITableView+deque.swift in Sources */,
				ED50BF3D2C6A6BEC00EB2FFA /* AboutData.swift in Sources */,
				EDEBBF222CF03FDF004B1496 /* DetectionRowSign.swift in Sources */,
				ED14D9432CEE0FE30065C81A /* RecognizableObjectsViewController.swift in Sources */,
				EDDFA93F2AA60F2400D332FE /* SettingsViewController.swift in Sources */,
				ED14D9532CEE1CD20065C81A /* RecognizableObjectView.swift in Sources */,
				EDEBBF132CF03052004B1496 /* DetectionImageCell.swift in Sources */,
				ED12BA5A2C68AD27009635DE /* SettingsSection.swift in Sources */,
				ED724AD92CF9DCA6003A641D /* FAQRowQuestion.swift in Sources */,
				ED50BF412C6A6D6700EB2FFA /* AboutView.swift in Sources */,
				ED14D94A2CEE10570065C81A /* RecognizableObjectsRow.swift in Sources */,
				EDEBBF2A2CF086BE004B1496 /* SignData.swift in Sources */,
				ED14D9382CEDE5150065C81A /* HowToUseView.swift in Sources */,
				ED14D93E2CEDE62F0065C81A /* HowToUseSection.swift in Sources */,
				ED50BF3B2C6A6B7800EB2FFA /* AboutCell.swift in Sources */,
				ED12BA612C68C668009635DE /* SettingsView.swift in Sources */,
				ED9616CD2C693AD300017628 /* HowToUseCell.swift in Sources */,
				ED12BA5F2C68B9EF009635DE /* SettingsCell.swift in Sources */,
				ED50BF3F2C6A6C1300EB2FFA /* AboutSection.swift in Sources */,
			);
			runOnlyForDeploymentPostprocessing = 0;
		};
/* End PBXSourcesBuildPhase section */

/* Begin XCBuildConfiguration section */
		EDF0D4402A3F2FD300B2F98E /* Debug */ = {
			isa = XCBuildConfiguration;
			buildSettings = {
				ALWAYS_SEARCH_USER_PATHS = NO;
				CLANG_ANALYZER_NONNULL = YES;
				CLANG_ANALYZER_NUMBER_OBJECT_CONVERSION = YES_AGGRESSIVE;
				CLANG_CXX_LANGUAGE_STANDARD = "gnu++20";
				CLANG_ENABLE_MODULES = YES;
				CLANG_ENABLE_OBJC_ARC = YES;
				CLANG_ENABLE_OBJC_WEAK = YES;
				CLANG_WARN_BLOCK_CAPTURE_AUTORELEASING = YES;
				CLANG_WARN_BOOL_CONVERSION = YES;
				CLANG_WARN_COMMA = YES;
				CLANG_WARN_CONSTANT_CONVERSION = YES;
				CLANG_WARN_DEPRECATED_OBJC_IMPLEMENTATIONS = YES;
				CLANG_WARN_DIRECT_OBJC_ISA_USAGE = YES_ERROR;
				CLANG_WARN_DOCUMENTATION_COMMENTS = YES;
				CLANG_WARN_EMPTY_BODY = YES;
				CLANG_WARN_ENUM_CONVERSION = YES;
				CLANG_WARN_INFINITE_RECURSION = YES;
				CLANG_WARN_INT_CONVERSION = YES;
				CLANG_WARN_NON_LITERAL_NULL_CONVERSION = YES;
				CLANG_WARN_OBJC_IMPLICIT_RETAIN_SELF = YES;
				CLANG_WARN_OBJC_LITERAL_CONVERSION = YES;
				CLANG_WARN_OBJC_ROOT_CLASS = YES_ERROR;
				CLANG_WARN_QUOTED_INCLUDE_IN_FRAMEWORK_HEADER = YES;
				CLANG_WARN_RANGE_LOOP_ANALYSIS = YES;
				CLANG_WARN_STRICT_PROTOTYPES = YES;
				CLANG_WARN_SUSPICIOUS_MOVE = YES;
				CLANG_WARN_UNGUARDED_AVAILABILITY = YES_AGGRESSIVE;
				CLANG_WARN_UNREACHABLE_CODE = YES;
				CLANG_WARN__DUPLICATE_METHOD_MATCH = YES;
				COPY_PHASE_STRIP = NO;
				DEBUG_INFORMATION_FORMAT = dwarf;
				ENABLE_STRICT_OBJC_MSGSEND = YES;
				ENABLE_TESTABILITY = YES;
				ENABLE_USER_SCRIPT_SANDBOXING = YES;
				GCC_C_LANGUAGE_STANDARD = gnu11;
				GCC_DYNAMIC_NO_PIC = NO;
				GCC_NO_COMMON_BLOCKS = YES;
				GCC_OPTIMIZATION_LEVEL = 0;
				GCC_PREPROCESSOR_DEFINITIONS = (
					"DEBUG=1",
					"$(inherited)",
				);
				GCC_WARN_64_TO_32_BIT_CONVERSION = YES;
				GCC_WARN_ABOUT_RETURN_TYPE = YES_ERROR;
				GCC_WARN_UNDECLARED_SELECTOR = YES;
				GCC_WARN_UNINITIALIZED_AUTOS = YES_AGGRESSIVE;
				GCC_WARN_UNUSED_FUNCTION = YES;
				GCC_WARN_UNUSED_VARIABLE = YES;
				IPHONEOS_DEPLOYMENT_TARGET = 16.4;
				MTL_ENABLE_DEBUG_INFO = INCLUDE_SOURCE;
				MTL_FAST_MATH = YES;
				ONLY_ACTIVE_ARCH = YES;
				SDKROOT = iphoneos;
				SWIFT_ACTIVE_COMPILATION_CONDITIONS = DEBUG;
				SWIFT_OPTIMIZATION_LEVEL = "-Onone";
			};
			name = Debug;
		};
		EDF0D4412A3F2FD300B2F98E /* Release */ = {
			isa = XCBuildConfiguration;
			buildSettings = {
				ALWAYS_SEARCH_USER_PATHS = NO;
				CLANG_ANALYZER_NONNULL = YES;
				CLANG_ANALYZER_NUMBER_OBJECT_CONVERSION = YES_AGGRESSIVE;
				CLANG_CXX_LANGUAGE_STANDARD = "gnu++20";
				CLANG_ENABLE_MODULES = YES;
				CLANG_ENABLE_OBJC_ARC = YES;
				CLANG_ENABLE_OBJC_WEAK = YES;
				CLANG_WARN_BLOCK_CAPTURE_AUTORELEASING = YES;
				CLANG_WARN_BOOL_CONVERSION = YES;
				CLANG_WARN_COMMA = YES;
				CLANG_WARN_CONSTANT_CONVERSION = YES;
				CLANG_WARN_DEPRECATED_OBJC_IMPLEMENTATIONS = YES;
				CLANG_WARN_DIRECT_OBJC_ISA_USAGE = YES_ERROR;
				CLANG_WARN_DOCUMENTATION_COMMENTS = YES;
				CLANG_WARN_EMPTY_BODY = YES;
				CLANG_WARN_ENUM_CONVERSION = YES;
				CLANG_WARN_INFINITE_RECURSION = YES;
				CLANG_WARN_INT_CONVERSION = YES;
				CLANG_WARN_NON_LITERAL_NULL_CONVERSION = YES;
				CLANG_WARN_OBJC_IMPLICIT_RETAIN_SELF = YES;
				CLANG_WARN_OBJC_LITERAL_CONVERSION = YES;
				CLANG_WARN_OBJC_ROOT_CLASS = YES_ERROR;
				CLANG_WARN_QUOTED_INCLUDE_IN_FRAMEWORK_HEADER = YES;
				CLANG_WARN_RANGE_LOOP_ANALYSIS = YES;
				CLANG_WARN_STRICT_PROTOTYPES = YES;
				CLANG_WARN_SUSPICIOUS_MOVE = YES;
				CLANG_WARN_UNGUARDED_AVAILABILITY = YES_AGGRESSIVE;
				CLANG_WARN_UNREACHABLE_CODE = YES;
				CLANG_WARN__DUPLICATE_METHOD_MATCH = YES;
				COPY_PHASE_STRIP = NO;
				DEBUG_INFORMATION_FORMAT = "dwarf-with-dsym";
				ENABLE_NS_ASSERTIONS = NO;
				ENABLE_STRICT_OBJC_MSGSEND = YES;
				ENABLE_USER_SCRIPT_SANDBOXING = YES;
				GCC_C_LANGUAGE_STANDARD = gnu11;
				GCC_NO_COMMON_BLOCKS = YES;
				GCC_WARN_64_TO_32_BIT_CONVERSION = YES;
				GCC_WARN_ABOUT_RETURN_TYPE = YES_ERROR;
				GCC_WARN_UNDECLARED_SELECTOR = YES;
				GCC_WARN_UNINITIALIZED_AUTOS = YES_AGGRESSIVE;
				GCC_WARN_UNUSED_FUNCTION = YES;
				GCC_WARN_UNUSED_VARIABLE = YES;
				IPHONEOS_DEPLOYMENT_TARGET = 16.4;
				MTL_ENABLE_DEBUG_INFO = NO;
				MTL_FAST_MATH = YES;
				SDKROOT = iphoneos;
				SWIFT_COMPILATION_MODE = wholemodule;
				SWIFT_OPTIMIZATION_LEVEL = "-O";
				VALIDATE_PRODUCT = YES;
			};
			name = Release;
		};
		EDF0D4432A3F2FD300B2F98E /* Debug */ = {
			isa = XCBuildConfiguration;
			buildSettings = {
				ASSETCATALOG_COMPILER_APPICON_NAME = AppIcon;
				ASSETCATALOG_COMPILER_GLOBAL_ACCENT_COLOR_NAME = AccentColor;
				CODE_SIGN_STYLE = Automatic;
				CURRENT_PROJECT_VERSION = 1;
				DEVELOPMENT_TEAM = 6AB7TG5AU6;
				GENERATE_INFOPLIST_FILE = YES;
				INFOPLIST_FILE = "Detection/Application Layer/Info.plist";
				INFOPLIST_KEY_NSCameraUsageDescription = "App needs access to Camera";
				INFOPLIST_KEY_UIApplicationSupportsIndirectInputEvents = YES;
				INFOPLIST_KEY_UILaunchStoryboardName = LaunchScreen;
				INFOPLIST_KEY_UISupportedInterfaceOrientations_iPad = "UIInterfaceOrientationPortrait UIInterfaceOrientationPortraitUpsideDown UIInterfaceOrientationLandscapeLeft UIInterfaceOrientationLandscapeRight";
				INFOPLIST_KEY_UISupportedInterfaceOrientations_iPhone = "UIInterfaceOrientationPortrait UIInterfaceOrientationLandscapeLeft UIInterfaceOrientationLandscapeRight";
				LD_RUNPATH_SEARCH_PATHS = (
					"$(inherited)",
					"@executable_path/Frameworks",
				);
				MARKETING_VERSION = 1.0;
				PRODUCT_BUNDLE_IDENTIFIER = e1ernal.Detection1;
				PRODUCT_NAME = "$(TARGET_NAME)";
				SWIFT_EMIT_LOC_STRINGS = YES;
				SWIFT_VERSION = 5.0;
				TARGETED_DEVICE_FAMILY = "1,2";
			};
			name = Debug;
		};
		EDF0D4442A3F2FD300B2F98E /* Release */ = {
			isa = XCBuildConfiguration;
			buildSettings = {
				ASSETCATALOG_COMPILER_APPICON_NAME = AppIcon;
				ASSETCATALOG_COMPILER_GLOBAL_ACCENT_COLOR_NAME = AccentColor;
				CODE_SIGN_STYLE = Automatic;
				CURRENT_PROJECT_VERSION = 1;
				DEVELOPMENT_TEAM = 6AB7TG5AU6;
				GENERATE_INFOPLIST_FILE = YES;
				INFOPLIST_FILE = "Detection/Application Layer/Info.plist";
				INFOPLIST_KEY_NSCameraUsageDescription = "App needs access to Camera";
				INFOPLIST_KEY_UIApplicationSupportsIndirectInputEvents = YES;
				INFOPLIST_KEY_UILaunchStoryboardName = LaunchScreen;
				INFOPLIST_KEY_UISupportedInterfaceOrientations_iPad = "UIInterfaceOrientationPortrait UIInterfaceOrientationPortraitUpsideDown UIInterfaceOrientationLandscapeLeft UIInterfaceOrientationLandscapeRight";
				INFOPLIST_KEY_UISupportedInterfaceOrientations_iPhone = "UIInterfaceOrientationPortrait UIInterfaceOrientationLandscapeLeft UIInterfaceOrientationLandscapeRight";
				LD_RUNPATH_SEARCH_PATHS = (
					"$(inherited)",
					"@executable_path/Frameworks",
				);
				MARKETING_VERSION = 1.0;
				PRODUCT_BUNDLE_IDENTIFIER = e1ernal.Detection1;
				PRODUCT_NAME = "$(TARGET_NAME)";
				SWIFT_EMIT_LOC_STRINGS = YES;
				SWIFT_VERSION = 5.0;
				TARGETED_DEVICE_FAMILY = "1,2";
			};
			name = Release;
		};
/* End XCBuildConfiguration section */

/* Begin XCConfigurationList section */
		EDF0D4292A3F2FD200B2F98E /* Build configuration list for PBXProject "Detection" */ = {
			isa = XCConfigurationList;
			buildConfigurations = (
				EDF0D4402A3F2FD300B2F98E /* Debug */,
				EDF0D4412A3F2FD300B2F98E /* Release */,
			);
			defaultConfigurationIsVisible = 0;
			defaultConfigurationName = Release;
		};
		EDF0D4422A3F2FD300B2F98E /* Build configuration list for PBXNativeTarget "Detection" */ = {
			isa = XCConfigurationList;
			buildConfigurations = (
				EDF0D4432A3F2FD300B2F98E /* Debug */,
				EDF0D4442A3F2FD300B2F98E /* Release */,
			);
			defaultConfigurationIsVisible = 0;
			defaultConfigurationName = Release;
		};
/* End XCConfigurationList section */
	};
	rootObject = EDF0D4262A3F2FD200B2F98E /* Project object */;
}
